// !$*UTF8*$!
{
	archiveVersion = 1;
	classes = {
	};
	objectVersion = 50;
	objects = {

/* Begin PBXAggregateTarget section */
		43B263D0272AC14700EE82BC /* generate_code */ = {
			isa = PBXAggregateTarget;
			buildConfigurationList = 43B263D2272AC14700EE82BC /* Build configuration list for PBXAggregateTarget "generate_code" */;
			buildPhases = (
				43B263D1272AC14700EE82BC /* Generate Code */,
			);
			dependencies = (
			);
			name = generate_code;
			productName = generate_code_macOS;
		};
/* End PBXAggregateTarget section */

/* Begin PBXBuildFile section */
		43C24D0127A14978000E90FF /* PEPTransportStatusCode.h in Headers */ = {isa = PBXBuildFile; fileRef = 43C24CF427A14978000E90FF /* PEPTransportStatusCode.h */; settings = {ATTRIBUTES = (Public, ); }; };
		43C24D0227A14978000E90FF /* PEPTransportProtocol.h in Headers */ = {isa = PBXBuildFile; fileRef = 43C24CF727A14978000E90FF /* PEPTransportProtocol.h */; settings = {ATTRIBUTES = (Public, ); }; };
		43C24D0B27A14A55000E90FF /* PEPBlockBasedTransportProtocol.h in Headers */ = {isa = PBXBuildFile; fileRef = 43C24D0A27A14A55000E90FF /* PEPBlockBasedTransportProtocol.h */; settings = {ATTRIBUTES = (Public, ); }; };
		43C24D0E27A14B1B000E90FF /* PEPBlockBasedTransport.h in Headers */ = {isa = PBXBuildFile; fileRef = 43C24D0C27A14B1B000E90FF /* PEPBlockBasedTransport.h */; };
		43C24D0F27A14B1B000E90FF /* PEPBlockBasedTransport.m in Sources */ = {isa = PBXBuildFile; fileRef = 43C24D0D27A14B1B000E90FF /* PEPBlockBasedTransport.m */; };
		43C24D9027A14D36000E90FF /* libPEPObjCTypes_macOS.a in Frameworks */ = {isa = PBXBuildFile; fileRef = 43C24D8627A14D00000E90FF /* libPEPObjCTypes_macOS.a */; };
		43C24DE727A15C81000E90FF /* libpEpTransport_macOS.a in Frameworks */ = {isa = PBXBuildFile; fileRef = 43B26350272AA95000EE82BC /* libpEpTransport_macOS.a */; };
		43C24DF427A15F03000E90FF /* TransportMock.m in Sources */ = {isa = PBXBuildFile; fileRef = 43C24DF327A15F03000E90FF /* TransportMock.m */; };
		43C24DF627A1793D000E90FF /* TransportDelegateTests.m in Sources */ = {isa = PBXBuildFile; fileRef = 43C24DF527A1793D000E90FF /* TransportDelegateTests.m */; };
		43C24DF927A17988000E90FF /* MockStatusChangeDelegate.m in Sources */ = {isa = PBXBuildFile; fileRef = 43C24DF827A17988000E90FF /* MockStatusChangeDelegate.m */; };
		43C24DFC27A18D98000E90FF /* MockIncomingMessageDelegate.m in Sources */ = {isa = PBXBuildFile; fileRef = 43C24DFB27A18D98000E90FF /* MockIncomingMessageDelegate.m */; };
		43C24EFD27A29957000E90FF /* TestUtils.m in Sources */ = {isa = PBXBuildFile; fileRef = 43C24EFC27A29957000E90FF /* TestUtils.m */; };
		43C24F1227A3E275000E90FF /* PEPBlockBasedTransportTests.m in Sources */ = {isa = PBXBuildFile; fileRef = 43C24F1127A3E275000E90FF /* PEPBlockBasedTransportTests.m */; };
		43C24F1827A3E8A3000E90FF /* MockBlockBasedTransportDelegate.m in Sources */ = {isa = PBXBuildFile; fileRef = 43C24F1727A3E8A3000E90FF /* MockBlockBasedTransportDelegate.m */; };
		43C24F5927A3F9CD000E90FF /* PEPBlockBasedTransport+PEPTransportStatusChangeDelegate.m in Sources */ = {isa = PBXBuildFile; fileRef = 43C24F1B27A3F689000E90FF /* PEPBlockBasedTransport+PEPTransportStatusChangeDelegate.m */; };
/* End PBXBuildFile section */

/* Begin PBXContainerItemProxy section */
		15BD2FC0273586CB00B1B1F5 /* PBXContainerItemProxy */ = {
			isa = PBXContainerItemProxy;
			containerPortal = 43B26348272AA95000EE82BC /* Project object */;
			proxyType = 1;
			remoteGlobalIDString = 43B263D0272AC14700EE82BC;
			remoteInfo = generate_code;
		};
		43B263D5272AC15700EE82BC /* PBXContainerItemProxy */ = {
			isa = PBXContainerItemProxy;
			containerPortal = 43B26348272AA95000EE82BC /* Project object */;
			proxyType = 1;
			remoteGlobalIDString = 43B263D0272AC14700EE82BC;
			remoteInfo = generate_code_iOS;
		};
		43C24D8527A14D00000E90FF /* PBXContainerItemProxy */ = {
			isa = PBXContainerItemProxy;
			containerPortal = 43C24D7E27A14D00000E90FF /* PEPObjCTypes.xcodeproj */;
			proxyType = 2;
			remoteGlobalIDString = 4E575858268329170084F02D;
			remoteInfo = PEPObjCTypes_macOS;
		};
		43C24D8727A14D00000E90FF /* PBXContainerItemProxy */ = {
			isa = PBXContainerItemProxy;
			containerPortal = 43C24D7E27A14D00000E90FF /* PEPObjCTypes.xcodeproj */;
			proxyType = 2;
			remoteGlobalIDString = 4E575865268329A20084F02D;
			remoteInfo = PEPObjCTypes_iOS;
		};
		43C24D8927A14D00000E90FF /* PBXContainerItemProxy */ = {
			isa = PBXContainerItemProxy;
			containerPortal = 43C24D7E27A14D00000E90FF /* PEPObjCTypes.xcodeproj */;
			proxyType = 2;
			remoteGlobalIDString = 4E5758BF26833D140084F02D;
			remoteInfo = PEPObjCTypesTests_iOS;
		};
		43C24D8B27A14D00000E90FF /* PBXContainerItemProxy */ = {
			isa = PBXContainerItemProxy;
			containerPortal = 43C24D7E27A14D00000E90FF /* PEPObjCTypes.xcodeproj */;
			proxyType = 2;
			remoteGlobalIDString = 439F4C36275632B2005F278E;
			remoteInfo = PEPObjCTypesTests_macOS;
		};
		43C24D8D27A14D2D000E90FF /* PBXContainerItemProxy */ = {
			isa = PBXContainerItemProxy;
			containerPortal = 43C24D7E27A14D00000E90FF /* PEPObjCTypes.xcodeproj */;
			proxyType = 1;
			remoteGlobalIDString = 4E575857268329170084F02D;
			remoteInfo = PEPObjCTypes_macOS;
		};
		43C24DE827A15C81000E90FF /* PBXContainerItemProxy */ = {
			isa = PBXContainerItemProxy;
			containerPortal = 43B26348272AA95000EE82BC /* Project object */;
			proxyType = 1;
			remoteGlobalIDString = 43B2634F272AA95000EE82BC;
			remoteInfo = pEpTransport_macOS;
		};
/* End PBXContainerItemProxy section */

/* Begin PBXFileReference section */
		43B26350272AA95000EE82BC /* libpEpTransport_macOS.a */ = {isa = PBXFileReference; explicitFileType = archive.ar; includeInIndex = 0; path = libpEpTransport_macOS.a; sourceTree = BUILT_PRODUCTS_DIR; };
		43B263CF272AC13400EE82BC /* libpEpTransport_iOS.a */ = {isa = PBXFileReference; explicitFileType = archive.ar; includeInIndex = 0; path = libpEpTransport_iOS.a; sourceTree = BUILT_PRODUCTS_DIR; };
		43C24CF427A14978000E90FF /* PEPTransportStatusCode.h */ = {isa = PBXFileReference; fileEncoding = 4; lastKnownFileType = sourcecode.c.h; path = PEPTransportStatusCode.h; sourceTree = "<group>"; };
		43C24CF727A14978000E90FF /* PEPTransportProtocol.h */ = {isa = PBXFileReference; fileEncoding = 4; lastKnownFileType = sourcecode.c.h; path = PEPTransportProtocol.h; sourceTree = "<group>"; };
		43C24D0A27A14A55000E90FF /* PEPBlockBasedTransportProtocol.h */ = {isa = PBXFileReference; fileEncoding = 4; lastKnownFileType = sourcecode.c.h; path = PEPBlockBasedTransportProtocol.h; sourceTree = "<group>"; };
		43C24D0C27A14B1B000E90FF /* PEPBlockBasedTransport.h */ = {isa = PBXFileReference; lastKnownFileType = sourcecode.c.h; path = PEPBlockBasedTransport.h; sourceTree = "<group>"; };
		43C24D0D27A14B1B000E90FF /* PEPBlockBasedTransport.m */ = {isa = PBXFileReference; lastKnownFileType = sourcecode.c.objc; path = PEPBlockBasedTransport.m; sourceTree = "<group>"; };
		43C24D7E27A14D00000E90FF /* PEPObjCTypes.xcodeproj */ = {isa = PBXFileReference; lastKnownFileType = "wrapper.pb-project"; name = PEPObjCTypes.xcodeproj; path = "../../pEpObjCAdapter/Subprojects/PEPObjCTypes/build-mac/PEPObjCTypes.xcodeproj"; sourceTree = "<group>"; };
		43C24DE327A15C81000E90FF /* pEpTransportTests.xctest */ = {isa = PBXFileReference; explicitFileType = wrapper.cfbundle; includeInIndex = 0; path = pEpTransportTests.xctest; sourceTree = BUILT_PRODUCTS_DIR; };
		43C24DF227A15F03000E90FF /* TransportMock.h */ = {isa = PBXFileReference; lastKnownFileType = sourcecode.c.h; path = TransportMock.h; sourceTree = "<group>"; };
		43C24DF327A15F03000E90FF /* TransportMock.m */ = {isa = PBXFileReference; lastKnownFileType = sourcecode.c.objc; path = TransportMock.m; sourceTree = "<group>"; };
		43C24DF527A1793D000E90FF /* TransportDelegateTests.m */ = {isa = PBXFileReference; lastKnownFileType = sourcecode.c.objc; path = TransportDelegateTests.m; sourceTree = "<group>"; };
		43C24DF727A17988000E90FF /* MockStatusChangeDelegate.h */ = {isa = PBXFileReference; lastKnownFileType = sourcecode.c.h; path = MockStatusChangeDelegate.h; sourceTree = "<group>"; };
		43C24DF827A17988000E90FF /* MockStatusChangeDelegate.m */ = {isa = PBXFileReference; lastKnownFileType = sourcecode.c.objc; path = MockStatusChangeDelegate.m; sourceTree = "<group>"; };
		43C24DFA27A18D98000E90FF /* MockIncomingMessageDelegate.h */ = {isa = PBXFileReference; lastKnownFileType = sourcecode.c.h; path = MockIncomingMessageDelegate.h; sourceTree = "<group>"; };
		43C24DFB27A18D98000E90FF /* MockIncomingMessageDelegate.m */ = {isa = PBXFileReference; lastKnownFileType = sourcecode.c.objc; path = MockIncomingMessageDelegate.m; sourceTree = "<group>"; };
		43C24EFB27A29957000E90FF /* TestUtils.h */ = {isa = PBXFileReference; lastKnownFileType = sourcecode.c.h; path = TestUtils.h; sourceTree = "<group>"; };
		43C24EFC27A29957000E90FF /* TestUtils.m */ = {isa = PBXFileReference; lastKnownFileType = sourcecode.c.objc; path = TestUtils.m; sourceTree = "<group>"; };
		43C24F1127A3E275000E90FF /* PEPBlockBasedTransportTests.m */ = {isa = PBXFileReference; lastKnownFileType = sourcecode.c.objc; path = PEPBlockBasedTransportTests.m; sourceTree = "<group>"; };
		43C24F1627A3E8A3000E90FF /* MockBlockBasedTransportDelegate.h */ = {isa = PBXFileReference; lastKnownFileType = sourcecode.c.h; path = MockBlockBasedTransportDelegate.h; sourceTree = "<group>"; };
		43C24F1727A3E8A3000E90FF /* MockBlockBasedTransportDelegate.m */ = {isa = PBXFileReference; lastKnownFileType = sourcecode.c.objc; path = MockBlockBasedTransportDelegate.m; sourceTree = "<group>"; };
		43C24F1A27A3F689000E90FF /* PEPBlockBasedTransport+PEPTransportStatusChangeDelegate.h */ = {isa = PBXFileReference; lastKnownFileType = sourcecode.c.h; path = "PEPBlockBasedTransport+PEPTransportStatusChangeDelegate.h"; sourceTree = "<group>"; };
		43C24F1B27A3F689000E90FF /* PEPBlockBasedTransport+PEPTransportStatusChangeDelegate.m */ = {isa = PBXFileReference; lastKnownFileType = sourcecode.c.objc; path = "PEPBlockBasedTransport+PEPTransportStatusChangeDelegate.m"; sourceTree = "<group>"; };
/* End PBXFileReference section */

/* Begin PBXFrameworksBuildPhase section */
		43B2634E272AA95000EE82BC /* Frameworks */ = {
			isa = PBXFrameworksBuildPhase;
			buildActionMask = 2147483647;
			files = (
				43C24D9027A14D36000E90FF /* libPEPObjCTypes_macOS.a in Frameworks */,
			);
			runOnlyForDeploymentPostprocessing = 0;
		};
		43B263CB272AC13400EE82BC /* Frameworks */ = {
			isa = PBXFrameworksBuildPhase;
			buildActionMask = 2147483647;
			files = (
			);
			runOnlyForDeploymentPostprocessing = 0;
		};
		43C24DE027A15C81000E90FF /* Frameworks */ = {
			isa = PBXFrameworksBuildPhase;
			buildActionMask = 2147483647;
			files = (
				43C24DE727A15C81000E90FF /* libpEpTransport_macOS.a in Frameworks */,
			);
			runOnlyForDeploymentPostprocessing = 0;
		};
/* End PBXFrameworksBuildPhase section */

/* Begin PBXGroup section */
		43B26347272AA95000EE82BC = {
			isa = PBXGroup;
			children = (
				43C24D7E27A14D00000E90FF /* PEPObjCTypes.xcodeproj */,
				43C24D0927A14A55000E90FF /* PublicHeaders */,
				43C24CEA27A14978000E90FF /* src */,
				43C24DE427A15C81000E90FF /* pEpTransportTests */,
				43B26351272AA95000EE82BC /* Products */,
				43C24D8F27A14D36000E90FF /* Frameworks */,
			);
			sourceTree = "<group>";
		};
		43B26351272AA95000EE82BC /* Products */ = {
			isa = PBXGroup;
			children = (
				43B26350272AA95000EE82BC /* libpEpTransport_macOS.a */,
				43B263CF272AC13400EE82BC /* libpEpTransport_iOS.a */,
				43C24DE327A15C81000E90FF /* pEpTransportTests.xctest */,
			);
			name = Products;
			sourceTree = "<group>";
		};
		43C24CEA27A14978000E90FF /* src */ = {
			isa = PBXGroup;
			children = (
				43C24F1927A3F5EA000E90FF /* TransportDelegates */,
				43C24CF427A14978000E90FF /* PEPTransportStatusCode.h */,
				43C24CF727A14978000E90FF /* PEPTransportProtocol.h */,
				43C24D0C27A14B1B000E90FF /* PEPBlockBasedTransport.h */,
				43C24D0D27A14B1B000E90FF /* PEPBlockBasedTransport.m */,
			);
			name = src;
			path = ../src;
			sourceTree = "<group>";
		};
		43C24D0927A14A55000E90FF /* PublicHeaders */ = {
			isa = PBXGroup;
			children = (
				43C24D0A27A14A55000E90FF /* PEPBlockBasedTransportProtocol.h */,
			);
			name = PublicHeaders;
			path = ../PublicHeaders;
			sourceTree = "<group>";
		};
		43C24D7F27A14D00000E90FF /* Products */ = {
			isa = PBXGroup;
			children = (
				43C24D8627A14D00000E90FF /* libPEPObjCTypes_macOS.a */,
				43C24D8827A14D00000E90FF /* libPEPObjCTypes_iOS.a */,
				43C24D8A27A14D00000E90FF /* PEPObjCTypesTests_iOS.xctest */,
				43C24D8C27A14D00000E90FF /* PEPObjCTypesTests_macOS.xctest */,
			);
			name = Products;
			sourceTree = "<group>";
		};
		43C24D8F27A14D36000E90FF /* Frameworks */ = {
			isa = PBXGroup;
			children = (
			);
			name = Frameworks;
			sourceTree = "<group>";
		};
		43C24DE427A15C81000E90FF /* pEpTransportTests */ = {
			isa = PBXGroup;
			children = (
				43C24EF727A2994A000E90FF /* TestUtils */,
				43C24DF527A1793D000E90FF /* TransportDelegateTests.m */,
				43C24F1127A3E275000E90FF /* PEPBlockBasedTransportTests.m */,
			);
			path = pEpTransportTests;
			sourceTree = "<group>";
		};
		43C24DEE27A15EF2000E90FF /* Transport */ = {
			isa = PBXGroup;
			children = (
				43C24DF727A17988000E90FF /* MockStatusChangeDelegate.h */,
				43C24DF827A17988000E90FF /* MockStatusChangeDelegate.m */,
				43C24DFA27A18D98000E90FF /* MockIncomingMessageDelegate.h */,
				43C24DFB27A18D98000E90FF /* MockIncomingMessageDelegate.m */,
				43C24DF227A15F03000E90FF /* TransportMock.h */,
				43C24DF327A15F03000E90FF /* TransportMock.m */,
				43C24F1627A3E8A3000E90FF /* MockBlockBasedTransportDelegate.h */,
				43C24F1727A3E8A3000E90FF /* MockBlockBasedTransportDelegate.m */,
			);
			path = Transport;
			sourceTree = "<group>";
		};
		43C24EF727A2994A000E90FF /* TestUtils */ = {
			isa = PBXGroup;
			children = (
				43C24DEE27A15EF2000E90FF /* Transport */,
				43C24EFB27A29957000E90FF /* TestUtils.h */,
				43C24EFC27A29957000E90FF /* TestUtils.m */,
			);
			path = TestUtils;
			sourceTree = "<group>";
		};
		43C24F1927A3F5EA000E90FF /* TransportDelegates */ = {
			isa = PBXGroup;
			children = (
				43C24F1A27A3F689000E90FF /* PEPBlockBasedTransport+PEPTransportStatusChangeDelegate.h */,
				43C24F1B27A3F689000E90FF /* PEPBlockBasedTransport+PEPTransportStatusChangeDelegate.m */,
			);
			path = TransportDelegates;
			sourceTree = "<group>";
		};
/* End PBXGroup section */

/* Begin PBXHeadersBuildPhase section */
		43B2634C272AA95000EE82BC /* Headers */ = {
			isa = PBXHeadersBuildPhase;
			buildActionMask = 2147483647;
			files = (
				43C24D0B27A14A55000E90FF /* PEPBlockBasedTransportProtocol.h in Headers */,
				43C24D0227A14978000E90FF /* PEPTransportProtocol.h in Headers */,
				43C24D0E27A14B1B000E90FF /* PEPBlockBasedTransport.h in Headers */,
				43C24D0127A14978000E90FF /* PEPTransportStatusCode.h in Headers */,
			);
			runOnlyForDeploymentPostprocessing = 0;
		};
		43B263C9272AC13400EE82BC /* Headers */ = {
			isa = PBXHeadersBuildPhase;
			buildActionMask = 2147483647;
			files = (
			);
			runOnlyForDeploymentPostprocessing = 0;
		};
/* End PBXHeadersBuildPhase section */

/* Begin PBXNativeTarget section */
		43B2634F272AA95000EE82BC /* pEpTransport_macOS */ = {
			isa = PBXNativeTarget;
			buildConfigurationList = 43B26354272AA95000EE82BC /* Build configuration list for PBXNativeTarget "pEpTransport_macOS" */;
			buildPhases = (
				43B2634C272AA95000EE82BC /* Headers */,
				43B2634D272AA95000EE82BC /* Sources */,
				43B2634E272AA95000EE82BC /* Frameworks */,
			);
			buildRules = (
			);
			dependencies = (
				43C24D8E27A14D2D000E90FF /* PBXTargetDependency */,
				15BD2FC1273586CB00B1B1F5 /* PBXTargetDependency */,
			);
			name = pEpTransport_macOS;
			productName = pEpTransport;
			productReference = 43B26350272AA95000EE82BC /* libpEpTransport_macOS.a */;
			productType = "com.apple.product-type.library.static";
		};
		43B263C6272AC13400EE82BC /* pEpTransport_iOS */ = {
			isa = PBXNativeTarget;
			buildConfigurationList = 43B263CC272AC13400EE82BC /* Build configuration list for PBXNativeTarget "pEpTransport_iOS" */;
			buildPhases = (
				43B263C9272AC13400EE82BC /* Headers */,
				43B263CA272AC13400EE82BC /* Sources */,
				43B263CB272AC13400EE82BC /* Frameworks */,
			);
			buildRules = (
			);
			dependencies = (
				43B263D6272AC15700EE82BC /* PBXTargetDependency */,
			);
			name = pEpTransport_iOS;
			productName = pEpTransport;
			productReference = 43B263CF272AC13400EE82BC /* libpEpTransport_iOS.a */;
			productType = "com.apple.product-type.library.static";
		};
		43C24DE227A15C81000E90FF /* pEpTransportTests */ = {
			isa = PBXNativeTarget;
			buildConfigurationList = 43C24DEA27A15C81000E90FF /* Build configuration list for PBXNativeTarget "pEpTransportTests" */;
			buildPhases = (
				43C24DDF27A15C81000E90FF /* Sources */,
				43C24DE027A15C81000E90FF /* Frameworks */,
				43C24DE127A15C81000E90FF /* Resources */,
			);
			buildRules = (
			);
			dependencies = (
				43C24DE927A15C81000E90FF /* PBXTargetDependency */,
			);
			name = pEpTransportTests;
			productName = pEpTransportTests;
			productReference = 43C24DE327A15C81000E90FF /* pEpTransportTests.xctest */;
			productType = "com.apple.product-type.bundle.unit-test";
		};
/* End PBXNativeTarget section */

/* Begin PBXProject section */
		43B26348272AA95000EE82BC /* Project object */ = {
			isa = PBXProject;
			attributes = {
				LastUpgradeCheck = 1250;
				TargetAttributes = {
					43B2634F272AA95000EE82BC = {
						CreatedOnToolsVersion = 12.5;
					};
					43C24DE227A15C81000E90FF = {
						CreatedOnToolsVersion = 13.2.1;
					};
				};
			};
			buildConfigurationList = 43B2634B272AA95000EE82BC /* Build configuration list for PBXProject "pEpTransport" */;
			compatibilityVersion = "Xcode 9.3";
			developmentRegion = en;
			hasScannedForEncodings = 0;
			knownRegions = (
				en,
				Base,
			);
			mainGroup = 43B26347272AA95000EE82BC;
			productRefGroup = 43B26351272AA95000EE82BC /* Products */;
			projectDirPath = "";
			projectReferences = (
				{
					ProductGroup = 43C24D7F27A14D00000E90FF /* Products */;
					ProjectRef = 43C24D7E27A14D00000E90FF /* PEPObjCTypes.xcodeproj */;
				},
			);
			projectRoot = "";
			targets = (
				43B2634F272AA95000EE82BC /* pEpTransport_macOS */,
				43B263C6272AC13400EE82BC /* pEpTransport_iOS */,
				43B263D0272AC14700EE82BC /* generate_code */,
				43C24DE227A15C81000E90FF /* pEpTransportTests */,
			);
		};
/* End PBXProject section */

/* Begin PBXReferenceProxy section */
		43C24D8627A14D00000E90FF /* libPEPObjCTypes_macOS.a */ = {
			isa = PBXReferenceProxy;
			fileType = archive.ar;
			path = libPEPObjCTypes_macOS.a;
			remoteRef = 43C24D8527A14D00000E90FF /* PBXContainerItemProxy */;
			sourceTree = BUILT_PRODUCTS_DIR;
		};
		43C24D8827A14D00000E90FF /* libPEPObjCTypes_iOS.a */ = {
			isa = PBXReferenceProxy;
			fileType = archive.ar;
			path = libPEPObjCTypes_iOS.a;
			remoteRef = 43C24D8727A14D00000E90FF /* PBXContainerItemProxy */;
			sourceTree = BUILT_PRODUCTS_DIR;
		};
		43C24D8A27A14D00000E90FF /* PEPObjCTypesTests_iOS.xctest */ = {
			isa = PBXReferenceProxy;
			fileType = wrapper.cfbundle;
			path = PEPObjCTypesTests_iOS.xctest;
			remoteRef = 43C24D8927A14D00000E90FF /* PBXContainerItemProxy */;
			sourceTree = BUILT_PRODUCTS_DIR;
		};
		43C24D8C27A14D00000E90FF /* PEPObjCTypesTests_macOS.xctest */ = {
			isa = PBXReferenceProxy;
			fileType = wrapper.cfbundle;
			path = PEPObjCTypesTests_macOS.xctest;
			remoteRef = 43C24D8B27A14D00000E90FF /* PBXContainerItemProxy */;
			sourceTree = BUILT_PRODUCTS_DIR;
		};
/* End PBXReferenceProxy section */

/* Begin PBXResourcesBuildPhase section */
		43C24DE127A15C81000E90FF /* Resources */ = {
			isa = PBXResourcesBuildPhase;
			buildActionMask = 2147483647;
			files = (
			);
			runOnlyForDeploymentPostprocessing = 0;
		};
/* End PBXResourcesBuildPhase section */

/* Begin PBXShellScriptBuildPhase section */
		43B263D1272AC14700EE82BC /* Generate Code */ = {
			isa = PBXShellScriptBuildPhase;
			buildActionMask = 12;
			files = (
			);
			inputFileListPaths = (
			);
			inputPaths = (
			);
			name = "Generate Code";
			outputFileListPaths = (
			);
			outputPaths = (
				"${PROJECT_DIR}/build/include/pEp/PEPTransportStatusCode.h",
			);
			runOnlyForDeploymentPostprocessing = 0;
			shellPath = "/bin/sh -l";
			shellScript = "export LANG=en_US.UTF-8\n\n# Under unknown circumstances, this script is excecuted even the \"Ouput File\" exists. Thus we make our hands dirty and deny to run if exists\nFILE=${SCRIPT_OUTPUT_FILE_0}\nif [[ -f $FILE ]];then\n    echo \"####################################\"\n    echo \"Skipped libpEptransport code generation. Considered done already.\"\n    echo \"####################################\"\n    exit 0\nfi\n\necho \"***************************************\"\necho \"*** Generate files: ACTION: $ACTION ***\"\necho \"***************************************\"\n\nMAKE_DIR=\"${PROJECT_DIR}/../\"\nCUSTOM_BUILD_DIR=\"${PROJECT_DIR}/build\"\n\nmkdir -p ${CUSTOM_BUILD_DIR}\n\npushd \"${MAKE_DIR}\"\n    echo \"PREFIX=${CUSTOM_BUILD_DIR}\" > local.conf\n    echo \"YML2_PATH=~/yml2\" >> local.conf\n    make src\n    make install\npopd\n";
			showEnvVarsInLog = 0;
		};
/* End PBXShellScriptBuildPhase section */

/* Begin PBXSourcesBuildPhase section */
		43B2634D272AA95000EE82BC /* Sources */ = {
			isa = PBXSourcesBuildPhase;
			buildActionMask = 2147483647;
			files = (
				43C24F5927A3F9CD000E90FF /* PEPBlockBasedTransport+PEPTransportStatusChangeDelegate.m in Sources */,
				43C24D0F27A14B1B000E90FF /* PEPBlockBasedTransport.m in Sources */,
			);
			runOnlyForDeploymentPostprocessing = 0;
		};
		43B263CA272AC13400EE82BC /* Sources */ = {
			isa = PBXSourcesBuildPhase;
			buildActionMask = 2147483647;
			files = (
			);
			runOnlyForDeploymentPostprocessing = 0;
		};
		43C24DDF27A15C81000E90FF /* Sources */ = {
			isa = PBXSourcesBuildPhase;
			buildActionMask = 2147483647;
			files = (
				43C24F1227A3E275000E90FF /* PEPBlockBasedTransportTests.m in Sources */,
				43C24DF927A17988000E90FF /* MockStatusChangeDelegate.m in Sources */,
				43C24F1827A3E8A3000E90FF /* MockBlockBasedTransportDelegate.m in Sources */,
				43C24DF627A1793D000E90FF /* TransportDelegateTests.m in Sources */,
				43C24DFC27A18D98000E90FF /* MockIncomingMessageDelegate.m in Sources */,
				43C24DF427A15F03000E90FF /* TransportMock.m in Sources */,
				43C24EFD27A29957000E90FF /* TestUtils.m in Sources */,
			);
			runOnlyForDeploymentPostprocessing = 0;
		};
/* End PBXSourcesBuildPhase section */

/* Begin PBXTargetDependency section */
		15BD2FC1273586CB00B1B1F5 /* PBXTargetDependency */ = {
			isa = PBXTargetDependency;
			target = 43B263D0272AC14700EE82BC /* generate_code */;
			targetProxy = 15BD2FC0273586CB00B1B1F5 /* PBXContainerItemProxy */;
		};
		43B263D6272AC15700EE82BC /* PBXTargetDependency */ = {
			isa = PBXTargetDependency;
			target = 43B263D0272AC14700EE82BC /* generate_code */;
			targetProxy = 43B263D5272AC15700EE82BC /* PBXContainerItemProxy */;
		};
		43C24D8E27A14D2D000E90FF /* PBXTargetDependency */ = {
			isa = PBXTargetDependency;
			name = PEPObjCTypes_macOS;
			targetProxy = 43C24D8D27A14D2D000E90FF /* PBXContainerItemProxy */;
		};
		43C24DE927A15C81000E90FF /* PBXTargetDependency */ = {
			isa = PBXTargetDependency;
			target = 43B2634F272AA95000EE82BC /* pEpTransport_macOS */;
			targetProxy = 43C24DE827A15C81000E90FF /* PBXContainerItemProxy */;
		};
/* End PBXTargetDependency section */

/* Begin XCBuildConfiguration section */
		43B26352272AA95000EE82BC /* Debug */ = {
			isa = XCBuildConfiguration;
			buildSettings = {
				ALWAYS_SEARCH_USER_PATHS = NO;
				CLANG_ANALYZER_NONNULL = YES;
				CLANG_ANALYZER_NUMBER_OBJECT_CONVERSION = YES_AGGRESSIVE;
				CLANG_CXX_LANGUAGE_STANDARD = "gnu++14";
				CLANG_CXX_LIBRARY = "libc++";
				CLANG_ENABLE_MODULES = YES;
				CLANG_ENABLE_OBJC_ARC = YES;
				CLANG_ENABLE_OBJC_WEAK = YES;
				CLANG_WARN_BLOCK_CAPTURE_AUTORELEASING = YES;
				CLANG_WARN_BOOL_CONVERSION = YES;
				CLANG_WARN_COMMA = YES;
				CLANG_WARN_CONSTANT_CONVERSION = YES;
				CLANG_WARN_DEPRECATED_OBJC_IMPLEMENTATIONS = YES;
				CLANG_WARN_DIRECT_OBJC_ISA_USAGE = YES_ERROR;
				CLANG_WARN_DOCUMENTATION_COMMENTS = YES;
				CLANG_WARN_EMPTY_BODY = YES;
				CLANG_WARN_ENUM_CONVERSION = YES;
				CLANG_WARN_INFINITE_RECURSION = YES;
				CLANG_WARN_INT_CONVERSION = YES;
				CLANG_WARN_NON_LITERAL_NULL_CONVERSION = YES;
				CLANG_WARN_OBJC_IMPLICIT_RETAIN_SELF = YES;
				CLANG_WARN_OBJC_LITERAL_CONVERSION = YES;
				CLANG_WARN_OBJC_ROOT_CLASS = YES_ERROR;
				CLANG_WARN_QUOTED_INCLUDE_IN_FRAMEWORK_HEADER = YES;
				CLANG_WARN_RANGE_LOOP_ANALYSIS = YES;
				CLANG_WARN_STRICT_PROTOTYPES = YES;
				CLANG_WARN_SUSPICIOUS_MOVE = YES;
				CLANG_WARN_UNGUARDED_AVAILABILITY = YES_AGGRESSIVE;
				CLANG_WARN_UNREACHABLE_CODE = YES;
				CLANG_WARN__DUPLICATE_METHOD_MATCH = YES;
				COPY_PHASE_STRIP = NO;
				DEBUG_INFORMATION_FORMAT = dwarf;
				ENABLE_STRICT_OBJC_MSGSEND = YES;
				ENABLE_TESTABILITY = YES;
				GCC_C_LANGUAGE_STANDARD = gnu11;
				GCC_DYNAMIC_NO_PIC = NO;
				GCC_NO_COMMON_BLOCKS = YES;
				GCC_OPTIMIZATION_LEVEL = 0;
				GCC_PREPROCESSOR_DEFINITIONS = (
					"DEBUG=1",
					"$(inherited)",
				);
				GCC_WARN_64_TO_32_BIT_CONVERSION = YES;
				GCC_WARN_ABOUT_RETURN_TYPE = YES_ERROR;
				GCC_WARN_UNDECLARED_SELECTOR = YES;
				GCC_WARN_UNINITIALIZED_AUTOS = YES_AGGRESSIVE;
				GCC_WARN_UNUSED_FUNCTION = YES;
				GCC_WARN_UNUSED_VARIABLE = YES;
				HEADER_SEARCH_PATHS = "${PROJECT_DIR}/../../pEpObjCAdapter/Subprojects/PEPObjCTypes/build-mac/build/include/";
				MACOSX_DEPLOYMENT_TARGET = 11.3;
				MTL_ENABLE_DEBUG_INFO = INCLUDE_SOURCE;
				MTL_FAST_MATH = YES;
				ONLY_ACTIVE_ARCH = YES;
				SDKROOT = macosx;
			};
			name = Debug;
		};
		43B26353272AA95000EE82BC /* Release */ = {
			isa = XCBuildConfiguration;
			buildSettings = {
				ALWAYS_SEARCH_USER_PATHS = NO;
				CLANG_ANALYZER_NONNULL = YES;
				CLANG_ANALYZER_NUMBER_OBJECT_CONVERSION = YES_AGGRESSIVE;
				CLANG_CXX_LANGUAGE_STANDARD = "gnu++14";
				CLANG_CXX_LIBRARY = "libc++";
				CLANG_ENABLE_MODULES = YES;
				CLANG_ENABLE_OBJC_ARC = YES;
				CLANG_ENABLE_OBJC_WEAK = YES;
				CLANG_WARN_BLOCK_CAPTURE_AUTORELEASING = YES;
				CLANG_WARN_BOOL_CONVERSION = YES;
				CLANG_WARN_COMMA = YES;
				CLANG_WARN_CONSTANT_CONVERSION = YES;
				CLANG_WARN_DEPRECATED_OBJC_IMPLEMENTATIONS = YES;
				CLANG_WARN_DIRECT_OBJC_ISA_USAGE = YES_ERROR;
				CLANG_WARN_DOCUMENTATION_COMMENTS = YES;
				CLANG_WARN_EMPTY_BODY = YES;
				CLANG_WARN_ENUM_CONVERSION = YES;
				CLANG_WARN_INFINITE_RECURSION = YES;
				CLANG_WARN_INT_CONVERSION = YES;
				CLANG_WARN_NON_LITERAL_NULL_CONVERSION = YES;
				CLANG_WARN_OBJC_IMPLICIT_RETAIN_SELF = YES;
				CLANG_WARN_OBJC_LITERAL_CONVERSION = YES;
				CLANG_WARN_OBJC_ROOT_CLASS = YES_ERROR;
				CLANG_WARN_QUOTED_INCLUDE_IN_FRAMEWORK_HEADER = YES;
				CLANG_WARN_RANGE_LOOP_ANALYSIS = YES;
				CLANG_WARN_STRICT_PROTOTYPES = YES;
				CLANG_WARN_SUSPICIOUS_MOVE = YES;
				CLANG_WARN_UNGUARDED_AVAILABILITY = YES_AGGRESSIVE;
				CLANG_WARN_UNREACHABLE_CODE = YES;
				CLANG_WARN__DUPLICATE_METHOD_MATCH = YES;
				COPY_PHASE_STRIP = NO;
				DEBUG_INFORMATION_FORMAT = "dwarf-with-dsym";
				ENABLE_NS_ASSERTIONS = NO;
				ENABLE_STRICT_OBJC_MSGSEND = YES;
				GCC_C_LANGUAGE_STANDARD = gnu11;
				GCC_NO_COMMON_BLOCKS = YES;
				GCC_WARN_64_TO_32_BIT_CONVERSION = YES;
				GCC_WARN_ABOUT_RETURN_TYPE = YES_ERROR;
				GCC_WARN_UNDECLARED_SELECTOR = YES;
				GCC_WARN_UNINITIALIZED_AUTOS = YES_AGGRESSIVE;
				GCC_WARN_UNUSED_FUNCTION = YES;
				GCC_WARN_UNUSED_VARIABLE = YES;
				HEADER_SEARCH_PATHS = "${PROJECT_DIR}/../../pEpObjCAdapter/Subprojects/PEPObjCTypes/build-mac/build/include/";
				MACOSX_DEPLOYMENT_TARGET = 11.3;
				MTL_ENABLE_DEBUG_INFO = NO;
				MTL_FAST_MATH = YES;
				SDKROOT = macosx;
			};
			name = Release;
		};
		43B26355272AA95000EE82BC /* Debug */ = {
			isa = XCBuildConfiguration;
			buildSettings = {
				CODE_SIGN_STYLE = Automatic;
				DEVELOPMENT_TEAM = NQLYU6MGPN;
				EXECUTABLE_PREFIX = lib;
				PRODUCT_NAME = "$(TARGET_NAME)";
				SKIP_INSTALL = YES;
			};
			name = Debug;
		};
		43B26356272AA95000EE82BC /* Release */ = {
			isa = XCBuildConfiguration;
			buildSettings = {
				CODE_SIGN_STYLE = Automatic;
				DEVELOPMENT_TEAM = NQLYU6MGPN;
				EXECUTABLE_PREFIX = lib;
				PRODUCT_NAME = "$(TARGET_NAME)";
				SKIP_INSTALL = YES;
			};
			name = Release;
		};
		43B263CD272AC13400EE82BC /* Debug */ = {
			isa = XCBuildConfiguration;
			buildSettings = {
				CODE_SIGN_STYLE = Automatic;
				DEVELOPMENT_TEAM = NQLYU6MGPN;
				EXECUTABLE_PREFIX = lib;
				PRODUCT_NAME = "$(TARGET_NAME)";
				SKIP_INSTALL = YES;
			};
			name = Debug;
		};
		43B263CE272AC13400EE82BC /* Release */ = {
			isa = XCBuildConfiguration;
			buildSettings = {
				CODE_SIGN_STYLE = Automatic;
				DEVELOPMENT_TEAM = NQLYU6MGPN;
				EXECUTABLE_PREFIX = lib;
				PRODUCT_NAME = "$(TARGET_NAME)";
				SKIP_INSTALL = YES;
			};
			name = Release;
		};
		43B263D3272AC14700EE82BC /* Debug */ = {
			isa = XCBuildConfiguration;
			buildSettings = {
				CODE_SIGN_STYLE = Automatic;
				DEVELOPMENT_TEAM = NQLYU6MGPN;
				PRODUCT_NAME = "$(TARGET_NAME)";
			};
			name = Debug;
		};
		43B263D4272AC14700EE82BC /* Release */ = {
			isa = XCBuildConfiguration;
			buildSettings = {
				CODE_SIGN_STYLE = Automatic;
				DEVELOPMENT_TEAM = NQLYU6MGPN;
				PRODUCT_NAME = "$(TARGET_NAME)";
			};
			name = Release;
		};
		43C24DEB27A15C81000E90FF /* Debug */ = {
			isa = XCBuildConfiguration;
			buildSettings = {
				CLANG_CXX_LANGUAGE_STANDARD = "gnu++17";
				CODE_SIGN_STYLE = Automatic;
				CURRENT_PROJECT_VERSION = 1;
				DEVELOPMENT_TEAM = NQLYU6MGPN;
				GENERATE_INFOPLIST_FILE = YES;
				MACOSX_DEPLOYMENT_TARGET = 11.5;
				MARKETING_VERSION = 1.0;
				PRODUCT_BUNDLE_IDENTIFIER = security.pEp.pEpTransportTests;
				PRODUCT_NAME = "$(TARGET_NAME)";
				SWIFT_EMIT_LOC_STRINGS = NO;
			};
			name = Debug;
		};
		43C24DEC27A15C81000E90FF /* Release */ = {
			isa = XCBuildConfiguration;
			buildSettings = {
				CLANG_CXX_LANGUAGE_STANDARD = "gnu++17";
				CODE_SIGN_STYLE = Automatic;
				CURRENT_PROJECT_VERSION = 1;
				DEVELOPMENT_TEAM = NQLYU6MGPN;
				GENERATE_INFOPLIST_FILE = YES;
				MACOSX_DEPLOYMENT_TARGET = 11.5;
				MARKETING_VERSION = 1.0;
				PRODUCT_BUNDLE_IDENTIFIER = security.pEp.pEpTransportTests;
				PRODUCT_NAME = "$(TARGET_NAME)";
				SWIFT_EMIT_LOC_STRINGS = NO;
			};
			name = Release;
		};
/* End XCBuildConfiguration section */

/* Begin XCConfigurationList section */
		43B2634B272AA95000EE82BC /* Build configuration list for PBXProject "pEpTransport" */ = {
			isa = XCConfigurationList;
			buildConfigurations = (
				43B26352272AA95000EE82BC /* Debug */,
				43B26353272AA95000EE82BC /* Release */,
			);
			defaultConfigurationIsVisible = 0;
			defaultConfigurationName = Release;
		};
		43B26354272AA95000EE82BC /* Build configuration list for PBXNativeTarget "pEpTransport_macOS" */ = {
			isa = XCConfigurationList;
			buildConfigurations = (
				43B26355272AA95000EE82BC /* Debug */,
				43B26356272AA95000EE82BC /* Release */,
			);
			defaultConfigurationIsVisible = 0;
			defaultConfigurationName = Release;
		};
		43B263CC272AC13400EE82BC /* Build configuration list for PBXNativeTarget "pEpTransport_iOS" */ = {
			isa = XCConfigurationList;
			buildConfigurations = (
				43B263CD272AC13400EE82BC /* Debug */,
				43B263CE272AC13400EE82BC /* Release */,
			);
			defaultConfigurationIsVisible = 0;
			defaultConfigurationName = Release;
		};
		43B263D2272AC14700EE82BC /* Build configuration list for PBXAggregateTarget "generate_code" */ = {
			isa = XCConfigurationList;
			buildConfigurations = (
				43B263D3272AC14700EE82BC /* Debug */,
				43B263D4272AC14700EE82BC /* Release */,
			);
			defaultConfigurationIsVisible = 0;
			defaultConfigurationName = Release;
		};
		43C24DEA27A15C81000E90FF /* Build configuration list for PBXNativeTarget "pEpTransportTests" */ = {
			isa = XCConfigurationList;
			buildConfigurations = (
				43C24DEB27A15C81000E90FF /* Debug */,
				43C24DEC27A15C81000E90FF /* Release */,
			);
			defaultConfigurationIsVisible = 0;
			defaultConfigurationName = Release;
		};
/* End XCConfigurationList section */
	};
	rootObject = 43B26348272AA95000EE82BC /* Project object */;
}
