// !$*UTF8*$!
{
	archiveVersion = 1;
	classes = {
	};
	objectVersion = 50;
	objects = {

/* Begin PBXBuildFile section */
		431316B726E8A335006EA5B6 /* PEPSCTPTransportTests.m in Sources */ = {isa = PBXBuildFile; fileRef = 431316B626E8A335006EA5B6 /* PEPSCTPTransportTests.m */; };
		431316B926E8A335006EA5B6 /* libPEPSCTPTransport.a in Frameworks */ = {isa = PBXBuildFile; fileRef = 431964FA26E7A8EF00232A6E /* libPEPSCTPTransport.a */; };
		431316C126E8A44D006EA5B6 /* PEPMessageASN1Tests.m in Sources */ = {isa = PBXBuildFile; fileRef = 431316C026E8A44D006EA5B6 /* PEPMessageASN1Tests.m */; };
		431964FE26E7A8EF00232A6E /* PEPSCTPTransport.h in Headers */ = {isa = PBXBuildFile; fileRef = 431964FD26E7A8EF00232A6E /* PEPSCTPTransport.h */; };
		4319650026E7A8EF00232A6E /* PEPSCTPTransport.m in Sources */ = {isa = PBXBuildFile; fileRef = 431964FF26E7A8EF00232A6E /* PEPSCTPTransport.m */; };
		4319650926E7A93F00232A6E /* PEPMessage+ASN1.m in Sources */ = {isa = PBXBuildFile; fileRef = 4319650726E7A93F00232A6E /* PEPMessage+ASN1.m */; };
		4319650A26E7A93F00232A6E /* PEPMessage+ASN1.h in Headers */ = {isa = PBXBuildFile; fileRef = 4319650826E7A93F00232A6E /* PEPMessage+ASN1.h */; };
		4319651026E7A94E00232A6E /* NSError+PEPSCTPTransport.m in Sources */ = {isa = PBXBuildFile; fileRef = 4319650C26E7A94E00232A6E /* NSError+PEPSCTPTransport.m */; };
		4319651126E7A94E00232A6E /* NSError+PEPSCTPTransport+internal.h in Headers */ = {isa = PBXBuildFile; fileRef = 4319650D26E7A94E00232A6E /* NSError+PEPSCTPTransport+internal.h */; };
		4319651226E7A94E00232A6E /* NSError+PEPSCTPTransport+ErrorCode.h in Headers */ = {isa = PBXBuildFile; fileRef = 4319650E26E7A94E00232A6E /* NSError+PEPSCTPTransport+ErrorCode.h */; };
		4319651326E7A94E00232A6E /* NSError+PEPSCTPTransport.h in Headers */ = {isa = PBXBuildFile; fileRef = 4319650F26E7A94E00232A6E /* NSError+PEPSCTPTransport.h */; };
/* End PBXBuildFile section */

/* Begin PBXContainerItemProxy section */
		431316BA26E8A335006EA5B6 /* PBXContainerItemProxy */ = {
			isa = PBXContainerItemProxy;
			containerPortal = 431964F226E7A8EF00232A6E /* Project object */;
			proxyType = 1;
			remoteGlobalIDString = 431964F926E7A8EF00232A6E;
			remoteInfo = PEPSCTPTransport;
		};
/* End PBXContainerItemProxy section */

/* Begin PBXFileReference section */
		431316B426E8A335006EA5B6 /* PEPSCTPTransportTests.xctest */ = {isa = PBXFileReference; explicitFileType = wrapper.cfbundle; includeInIndex = 0; path = PEPSCTPTransportTests.xctest; sourceTree = BUILT_PRODUCTS_DIR; };
		431316B626E8A335006EA5B6 /* PEPSCTPTransportTests.m */ = {isa = PBXFileReference; lastKnownFileType = sourcecode.c.objc; path = PEPSCTPTransportTests.m; sourceTree = "<group>"; };
		431316B826E8A335006EA5B6 /* Info.plist */ = {isa = PBXFileReference; lastKnownFileType = text.plist.xml; path = Info.plist; sourceTree = "<group>"; };
		431316C026E8A44D006EA5B6 /* PEPMessageASN1Tests.m */ = {isa = PBXFileReference; lastKnownFileType = sourcecode.c.objc; path = PEPMessageASN1Tests.m; sourceTree = "<group>"; };
		431964FA26E7A8EF00232A6E /* libPEPSCTPTransport.a */ = {isa = PBXFileReference; explicitFileType = archive.ar; includeInIndex = 0; path = libPEPSCTPTransport.a; sourceTree = BUILT_PRODUCTS_DIR; };
		431964FD26E7A8EF00232A6E /* PEPSCTPTransport.h */ = {isa = PBXFileReference; lastKnownFileType = sourcecode.c.h; path = PEPSCTPTransport.h; sourceTree = "<group>"; };
		431964FF26E7A8EF00232A6E /* PEPSCTPTransport.m */ = {isa = PBXFileReference; lastKnownFileType = sourcecode.c.objc; path = PEPSCTPTransport.m; sourceTree = "<group>"; };
		4319650726E7A93F00232A6E /* PEPMessage+ASN1.m */ = {isa = PBXFileReference; fileEncoding = 4; lastKnownFileType = sourcecode.c.objc; path = "PEPMessage+ASN1.m"; sourceTree = "<group>"; };
		4319650826E7A93F00232A6E /* PEPMessage+ASN1.h */ = {isa = PBXFileReference; fileEncoding = 4; lastKnownFileType = sourcecode.c.h; path = "PEPMessage+ASN1.h"; sourceTree = "<group>"; };
		4319650C26E7A94E00232A6E /* NSError+PEPSCTPTransport.m */ = {isa = PBXFileReference; fileEncoding = 4; lastKnownFileType = sourcecode.c.objc; path = "NSError+PEPSCTPTransport.m"; sourceTree = "<group>"; };
		4319650D26E7A94E00232A6E /* NSError+PEPSCTPTransport+internal.h */ = {isa = PBXFileReference; fileEncoding = 4; lastKnownFileType = sourcecode.c.h; path = "NSError+PEPSCTPTransport+internal.h"; sourceTree = "<group>"; };
		4319650E26E7A94E00232A6E /* NSError+PEPSCTPTransport+ErrorCode.h */ = {isa = PBXFileReference; fileEncoding = 4; lastKnownFileType = sourcecode.c.h; path = "NSError+PEPSCTPTransport+ErrorCode.h"; sourceTree = "<group>"; };
		4319650F26E7A94E00232A6E /* NSError+PEPSCTPTransport.h */ = {isa = PBXFileReference; fileEncoding = 4; lastKnownFileType = sourcecode.c.h; path = "NSError+PEPSCTPTransport.h"; sourceTree = "<group>"; };
/* End PBXFileReference section */

/* Begin PBXFrameworksBuildPhase section */
		431316B126E8A335006EA5B6 /* Frameworks */ = {
			isa = PBXFrameworksBuildPhase;
			buildActionMask = 2147483647;
			files = (
				431316B926E8A335006EA5B6 /* libPEPSCTPTransport.a in Frameworks */,
			);
			runOnlyForDeploymentPostprocessing = 0;
		};
		431964F826E7A8EF00232A6E /* Frameworks */ = {
			isa = PBXFrameworksBuildPhase;
			buildActionMask = 2147483647;
			files = (
			);
			runOnlyForDeploymentPostprocessing = 0;
		};
/* End PBXFrameworksBuildPhase section */

/* Begin PBXGroup section */
		431316B526E8A335006EA5B6 /* PEPSCTPTransportTests */ = {
			isa = PBXGroup;
			children = (
				431316BF26E8A431006EA5B6 /* Util */,
				431316B626E8A335006EA5B6 /* PEPSCTPTransportTests.m */,
				431316B826E8A335006EA5B6 /* Info.plist */,
			);
			path = PEPSCTPTransportTests;
			sourceTree = "<group>";
		};
		431316BF26E8A431006EA5B6 /* Util */ = {
			isa = PBXGroup;
			children = (
				431316C026E8A44D006EA5B6 /* PEPMessageASN1Tests.m */,
			);
			path = Util;
			sourceTree = "<group>";
		};
		431964F126E7A8EF00232A6E = {
			isa = PBXGroup;
			children = (
				431964FC26E7A8EF00232A6E /* PEPSCTPTransport */,
				431316B526E8A335006EA5B6 /* PEPSCTPTransportTests */,
				431964FB26E7A8EF00232A6E /* Products */,
			);
			sourceTree = "<group>";
		};
		431964FB26E7A8EF00232A6E /* Products */ = {
			isa = PBXGroup;
			children = (
				431964FA26E7A8EF00232A6E /* libPEPSCTPTransport.a */,
				431316B426E8A335006EA5B6 /* PEPSCTPTransportTests.xctest */,
			);
			name = Products;
			sourceTree = "<group>";
		};
		431964FC26E7A8EF00232A6E /* PEPSCTPTransport */ = {
			isa = PBXGroup;
			children = (
				4319650626E7A93F00232A6E /* Util */,
				4319650B26E7A94E00232A6E /* Error */,
				431964FD26E7A8EF00232A6E /* PEPSCTPTransport.h */,
				431964FF26E7A8EF00232A6E /* PEPSCTPTransport.m */,
			);
			path = PEPSCTPTransport;
			sourceTree = "<group>";
		};
		4319650626E7A93F00232A6E /* Util */ = {
			isa = PBXGroup;
			children = (
				4319650726E7A93F00232A6E /* PEPMessage+ASN1.m */,
				4319650826E7A93F00232A6E /* PEPMessage+ASN1.h */,
			);
			path = Util;
			sourceTree = "<group>";
		};
		4319650B26E7A94E00232A6E /* Error */ = {
			isa = PBXGroup;
			children = (
				4319650C26E7A94E00232A6E /* NSError+PEPSCTPTransport.m */,
				4319650D26E7A94E00232A6E /* NSError+PEPSCTPTransport+internal.h */,
				4319650E26E7A94E00232A6E /* NSError+PEPSCTPTransport+ErrorCode.h */,
				4319650F26E7A94E00232A6E /* NSError+PEPSCTPTransport.h */,
			);
			path = Error;
			sourceTree = "<group>";
		};
/* End PBXGroup section */

/* Begin PBXHeadersBuildPhase section */
		431964F626E7A8EF00232A6E /* Headers */ = {
			isa = PBXHeadersBuildPhase;
			buildActionMask = 2147483647;
			files = (
				4319651226E7A94E00232A6E /* NSError+PEPSCTPTransport+ErrorCode.h in Headers */,
				4319651126E7A94E00232A6E /* NSError+PEPSCTPTransport+internal.h in Headers */,
				431964FE26E7A8EF00232A6E /* PEPSCTPTransport.h in Headers */,
				4319651326E7A94E00232A6E /* NSError+PEPSCTPTransport.h in Headers */,
				4319650A26E7A93F00232A6E /* PEPMessage+ASN1.h in Headers */,
			);
			runOnlyForDeploymentPostprocessing = 0;
		};
/* End PBXHeadersBuildPhase section */

/* Begin PBXNativeTarget section */
		431316B326E8A335006EA5B6 /* PEPSCTPTransportTests */ = {
			isa = PBXNativeTarget;
			buildConfigurationList = 431316BE26E8A335006EA5B6 /* Build configuration list for PBXNativeTarget "PEPSCTPTransportTests" */;
			buildPhases = (
				431316B026E8A335006EA5B6 /* Sources */,
				431316B126E8A335006EA5B6 /* Frameworks */,
				431316B226E8A335006EA5B6 /* Resources */,
			);
			buildRules = (
			);
			dependencies = (
				431316BB26E8A335006EA5B6 /* PBXTargetDependency */,
			);
			name = PEPSCTPTransportTests;
			productName = PEPSCTPTransportTests;
			productReference = 431316B426E8A335006EA5B6 /* PEPSCTPTransportTests.xctest */;
			productType = "com.apple.product-type.bundle.unit-test";
		};
		431964F926E7A8EF00232A6E /* PEPSCTPTransport */ = {
			isa = PBXNativeTarget;
			buildConfigurationList = 4319650326E7A8EF00232A6E /* Build configuration list for PBXNativeTarget "PEPSCTPTransport" */;
			buildPhases = (
				431964F626E7A8EF00232A6E /* Headers */,
				431964F726E7A8EF00232A6E /* Sources */,
				431964F826E7A8EF00232A6E /* Frameworks */,
			);
			buildRules = (
			);
			dependencies = (
			);
			name = PEPSCTPTransport;
			productName = PEPSCTPTransport;
			productReference = 431964FA26E7A8EF00232A6E /* libPEPSCTPTransport.a */;
			productType = "com.apple.product-type.library.static";
		};
/* End PBXNativeTarget section */

/* Begin PBXProject section */
		431964F226E7A8EF00232A6E /* Project object */ = {
			isa = PBXProject;
			attributes = {
				LastUpgradeCheck = 1250;
				TargetAttributes = {
					431316B326E8A335006EA5B6 = {
						CreatedOnToolsVersion = 12.5;
					};
					431964F926E7A8EF00232A6E = {
						CreatedOnToolsVersion = 12.5;
					};
				};
			};
			buildConfigurationList = 431964F526E7A8EF00232A6E /* Build configuration list for PBXProject "PEPSCTPTransport" */;
			compatibilityVersion = "Xcode 9.3";
			developmentRegion = en;
			hasScannedForEncodings = 0;
			knownRegions = (
				en,
				Base,
			);
			mainGroup = 431964F126E7A8EF00232A6E;
			productRefGroup = 431964FB26E7A8EF00232A6E /* Products */;
			projectDirPath = "";
			projectRoot = "";
			targets = (
				431964F926E7A8EF00232A6E /* PEPSCTPTransport */,
				431316B326E8A335006EA5B6 /* PEPSCTPTransportTests */,
			);
		};
/* End PBXProject section */

/* Begin PBXResourcesBuildPhase section */
		431316B226E8A335006EA5B6 /* Resources */ = {
			isa = PBXResourcesBuildPhase;
			buildActionMask = 2147483647;
			files = (
			);
			runOnlyForDeploymentPostprocessing = 0;
		};
/* End PBXResourcesBuildPhase section */

/* Begin PBXSourcesBuildPhase section */
		431316B026E8A335006EA5B6 /* Sources */ = {
			isa = PBXSourcesBuildPhase;
			buildActionMask = 2147483647;
			files = (
				431316C126E8A44D006EA5B6 /* PEPMessageASN1Tests.m in Sources */,
				431316B726E8A335006EA5B6 /* PEPSCTPTransportTests.m in Sources */,
			);
			runOnlyForDeploymentPostprocessing = 0;
		};
		431964F726E7A8EF00232A6E /* Sources */ = {
			isa = PBXSourcesBuildPhase;
			buildActionMask = 2147483647;
			files = (
				4319650926E7A93F00232A6E /* PEPMessage+ASN1.m in Sources */,
				4319651026E7A94E00232A6E /* NSError+PEPSCTPTransport.m in Sources */,
				4319650026E7A8EF00232A6E /* PEPSCTPTransport.m in Sources */,
			);
			runOnlyForDeploymentPostprocessing = 0;
		};
/* End PBXSourcesBuildPhase section */

/* Begin PBXTargetDependency section */
		431316BB26E8A335006EA5B6 /* PBXTargetDependency */ = {
			isa = PBXTargetDependency;
			target = 431964F926E7A8EF00232A6E /* PEPSCTPTransport */;
			targetProxy = 431316BA26E8A335006EA5B6 /* PBXContainerItemProxy */;
		};
/* End PBXTargetDependency section */

/* Begin XCBuildConfiguration section */
		431316BC26E8A335006EA5B6 /* Debug */ = {
			isa = XCBuildConfiguration;
			buildSettings = {
				CODE_SIGN_STYLE = Automatic;
				COMBINE_HIDPI_IMAGES = YES;
				DEVELOPMENT_TEAM = NQLYU6MGPN;
				INFOPLIST_FILE = PEPSCTPTransportTests/Info.plist;
				LD_RUNPATH_SEARCH_PATHS = (
					"$(inherited)",
					"@executable_path/../Frameworks",
					"@loader_path/../Frameworks",
				);
				PRODUCT_BUNDLE_IDENTIFIER = security.pEp.PEPSCTPTransportTests;
				PRODUCT_NAME = "$(TARGET_NAME)";
			};
			name = Debug;
		};
		431316BD26E8A335006EA5B6 /* Release */ = {
			isa = XCBuildConfiguration;
			buildSettings = {
				CODE_SIGN_STYLE = Automatic;
				COMBINE_HIDPI_IMAGES = YES;
				DEVELOPMENT_TEAM = NQLYU6MGPN;
				INFOPLIST_FILE = PEPSCTPTransportTests/Info.plist;
				LD_RUNPATH_SEARCH_PATHS = (
					"$(inherited)",
					"@executable_path/../Frameworks",
					"@loader_path/../Frameworks",
				);
				PRODUCT_BUNDLE_IDENTIFIER = security.pEp.PEPSCTPTransportTests;
				PRODUCT_NAME = "$(TARGET_NAME)";
			};
			name = Release;
		};
		4319650126E7A8EF00232A6E /* Debug */ = {
			isa = XCBuildConfiguration;
			buildSettings = {
				ALWAYS_SEARCH_USER_PATHS = NO;
				CLANG_ANALYZER_NONNULL = YES;
				CLANG_ANALYZER_NUMBER_OBJECT_CONVERSION = YES_AGGRESSIVE;
				CLANG_CXX_LANGUAGE_STANDARD = "gnu++14";
				CLANG_CXX_LIBRARY = "libc++";
				CLANG_ENABLE_MODULES = YES;
				CLANG_ENABLE_OBJC_ARC = YES;
				CLANG_ENABLE_OBJC_WEAK = YES;
				CLANG_WARN_BLOCK_CAPTURE_AUTORELEASING = YES;
				CLANG_WARN_BOOL_CONVERSION = YES;
				CLANG_WARN_COMMA = YES;
				CLANG_WARN_CONSTANT_CONVERSION = YES;
				CLANG_WARN_DEPRECATED_OBJC_IMPLEMENTATIONS = YES;
				CLANG_WARN_DIRECT_OBJC_ISA_USAGE = YES_ERROR;
				CLANG_WARN_DOCUMENTATION_COMMENTS = YES;
				CLANG_WARN_EMPTY_BODY = YES;
				CLANG_WARN_ENUM_CONVERSION = YES;
				CLANG_WARN_INFINITE_RECURSION = YES;
				CLANG_WARN_INT_CONVERSION = YES;
				CLANG_WARN_NON_LITERAL_NULL_CONVERSION = YES;
				CLANG_WARN_OBJC_IMPLICIT_RETAIN_SELF = YES;
				CLANG_WARN_OBJC_LITERAL_CONVERSION = YES;
				CLANG_WARN_OBJC_ROOT_CLASS = YES_ERROR;
				CLANG_WARN_QUOTED_INCLUDE_IN_FRAMEWORK_HEADER = YES;
				CLANG_WARN_RANGE_LOOP_ANALYSIS = YES;
				CLANG_WARN_STRICT_PROTOTYPES = YES;
				CLANG_WARN_SUSPICIOUS_MOVE = YES;
				CLANG_WARN_UNGUARDED_AVAILABILITY = YES_AGGRESSIVE;
				CLANG_WARN_UNREACHABLE_CODE = YES;
				CLANG_WARN__DUPLICATE_METHOD_MATCH = YES;
				COPY_PHASE_STRIP = NO;
				DEBUG_INFORMATION_FORMAT = dwarf;
				ENABLE_STRICT_OBJC_MSGSEND = YES;
				ENABLE_TESTABILITY = YES;
				GCC_C_LANGUAGE_STANDARD = gnu11;
				GCC_DYNAMIC_NO_PIC = NO;
				GCC_NO_COMMON_BLOCKS = YES;
				GCC_OPTIMIZATION_LEVEL = 0;
				GCC_PREPROCESSOR_DEFINITIONS = (
					"DEBUG=1",
					"$(inherited)",
				);
				GCC_WARN_64_TO_32_BIT_CONVERSION = YES;
				GCC_WARN_ABOUT_RETURN_TYPE = YES_ERROR;
				GCC_WARN_UNDECLARED_SELECTOR = YES;
				GCC_WARN_UNINITIALIZED_AUTOS = YES_AGGRESSIVE;
				GCC_WARN_UNUSED_FUNCTION = YES;
				GCC_WARN_UNUSED_VARIABLE = YES;
				HEADER_SEARCH_PATHS = "${PROJECT_DIR}/../../../pEpObjCAdapter/Subprojects/PEPObjCTypes/build/include";
				MACOSX_DEPLOYMENT_TARGET = 11.2;
				MTL_ENABLE_DEBUG_INFO = INCLUDE_SOURCE;
				MTL_FAST_MATH = YES;
				ONLY_ACTIVE_ARCH = YES;
				SDKROOT = macosx;
				SYSTEM_HEADER_SEARCH_PATHS = (
					"$(PROJECT_DIR)/../../../usrsctp/usrsctplib/",
					"$(PROJECT_DIR)/../../../pEpEngine/build-mac/Subprojects/pEpASN1/build/include/",
				);
			};
			name = Debug;
		};
		4319650226E7A8EF00232A6E /* Release */ = {
			isa = XCBuildConfiguration;
			buildSettings = {
				ALWAYS_SEARCH_USER_PATHS = NO;
				CLANG_ANALYZER_NONNULL = YES;
				CLANG_ANALYZER_NUMBER_OBJECT_CONVERSION = YES_AGGRESSIVE;
				CLANG_CXX_LANGUAGE_STANDARD = "gnu++14";
				CLANG_CXX_LIBRARY = "libc++";
				CLANG_ENABLE_MODULES = YES;
				CLANG_ENABLE_OBJC_ARC = YES;
				CLANG_ENABLE_OBJC_WEAK = YES;
				CLANG_WARN_BLOCK_CAPTURE_AUTORELEASING = YES;
				CLANG_WARN_BOOL_CONVERSION = YES;
				CLANG_WARN_COMMA = YES;
				CLANG_WARN_CONSTANT_CONVERSION = YES;
				CLANG_WARN_DEPRECATED_OBJC_IMPLEMENTATIONS = YES;
				CLANG_WARN_DIRECT_OBJC_ISA_USAGE = YES_ERROR;
				CLANG_WARN_DOCUMENTATION_COMMENTS = YES;
				CLANG_WARN_EMPTY_BODY = YES;
				CLANG_WARN_ENUM_CONVERSION = YES;
				CLANG_WARN_INFINITE_RECURSION = YES;
				CLANG_WARN_INT_CONVERSION = YES;
				CLANG_WARN_NON_LITERAL_NULL_CONVERSION = YES;
				CLANG_WARN_OBJC_IMPLICIT_RETAIN_SELF = YES;
				CLANG_WARN_OBJC_LITERAL_CONVERSION = YES;
				CLANG_WARN_OBJC_ROOT_CLASS = YES_ERROR;
				CLANG_WARN_QUOTED_INCLUDE_IN_FRAMEWORK_HEADER = YES;
				CLANG_WARN_RANGE_LOOP_ANALYSIS = YES;
				CLANG_WARN_STRICT_PROTOTYPES = YES;
				CLANG_WARN_SUSPICIOUS_MOVE = YES;
				CLANG_WARN_UNGUARDED_AVAILABILITY = YES_AGGRESSIVE;
				CLANG_WARN_UNREACHABLE_CODE = YES;
				CLANG_WARN__DUPLICATE_METHOD_MATCH = YES;
				COPY_PHASE_STRIP = NO;
				DEBUG_INFORMATION_FORMAT = "dwarf-with-dsym";
				ENABLE_NS_ASSERTIONS = NO;
				ENABLE_STRICT_OBJC_MSGSEND = YES;
				GCC_C_LANGUAGE_STANDARD = gnu11;
				GCC_NO_COMMON_BLOCKS = YES;
				GCC_WARN_64_TO_32_BIT_CONVERSION = YES;
				GCC_WARN_ABOUT_RETURN_TYPE = YES_ERROR;
				GCC_WARN_UNDECLARED_SELECTOR = YES;
				GCC_WARN_UNINITIALIZED_AUTOS = YES_AGGRESSIVE;
				GCC_WARN_UNUSED_FUNCTION = YES;
				GCC_WARN_UNUSED_VARIABLE = YES;
				HEADER_SEARCH_PATHS = "${PROJECT_DIR}/../../../pEpObjCAdapter/Subprojects/PEPObjCTypes/build/include";
				MACOSX_DEPLOYMENT_TARGET = 11.2;
				MTL_ENABLE_DEBUG_INFO = NO;
				MTL_FAST_MATH = YES;
				SDKROOT = macosx;
				SYSTEM_HEADER_SEARCH_PATHS = (
					"$(PROJECT_DIR)/../../../usrsctp/usrsctplib/",
					"$(PROJECT_DIR)/../../../pEpEngine/build-mac/Subprojects/pEpASN1/build/include/",
				);
			};
			name = Release;
		};
		4319650426E7A8EF00232A6E /* Debug */ = {
			isa = XCBuildConfiguration;
			buildSettings = {
				CODE_SIGN_STYLE = Automatic;
				DEVELOPMENT_TEAM = NQLYU6MGPN;
				EXECUTABLE_PREFIX = lib;
				PRODUCT_NAME = "$(TARGET_NAME)";
				SKIP_INSTALL = YES;
			};
			name = Debug;
		};
		4319650526E7A8EF00232A6E /* Release */ = {
			isa = XCBuildConfiguration;
			buildSettings = {
				CODE_SIGN_STYLE = Automatic;
				DEVELOPMENT_TEAM = NQLYU6MGPN;
				EXECUTABLE_PREFIX = lib;
				PRODUCT_NAME = "$(TARGET_NAME)";
				SKIP_INSTALL = YES;
			};
			name = Release;
		};
/* End XCBuildConfiguration section */

/* Begin XCConfigurationList section */
		431316BE26E8A335006EA5B6 /* Build configuration list for PBXNativeTarget "PEPSCTPTransportTests" */ = {
			isa = XCConfigurationList;
			buildConfigurations = (
				431316BC26E8A335006EA5B6 /* Debug */,
				431316BD26E8A335006EA5B6 /* Release */,
			);
			defaultConfigurationIsVisible = 0;
			defaultConfigurationName = Release;
		};
		431964F526E7A8EF00232A6E /* Build configuration list for PBXProject "PEPSCTPTransport" */ = {
			isa = XCConfigurationList;
			buildConfigurations = (
				4319650126E7A8EF00232A6E /* Debug */,
				4319650226E7A8EF00232A6E /* Release */,
			);
			defaultConfigurationIsVisible = 0;
			defaultConfigurationName = Release;
		};
		4319650326E7A8EF00232A6E /* Build configuration list for PBXNativeTarget "PEPSCTPTransport" */ = {
			isa = XCConfigurationList;
			buildConfigurations = (
				4319650426E7A8EF00232A6E /* Debug */,
				4319650526E7A8EF00232A6E /* Release */,
			);
			defaultConfigurationIsVisible = 0;
			defaultConfigurationName = Release;
		};
/* End XCConfigurationList section */
	};
	rootObject = 431964F226E7A8EF00232A6E /* Project object */;
}
