// !$*UTF8*$!
{
	archiveVersion = 1;
	classes = {
	};
	objectVersion = 50;
	objects = {

/* Begin PBXBuildFile section */
		1554CEAC275513AB00529E81 /* main.m in Sources */ = {isa = PBXBuildFile; fileRef = 1554CEAB275513A000529E81 /* main.m */; };
		1554CF1127552EFE00529E81 /* PEPTransportRPCMirroringSupervisor.m in Sources */ = {isa = PBXBuildFile; fileRef = 1554CF1027552EFE00529E81 /* PEPTransportRPCMirroringSupervisor.m */; };
		156F82E9275E204900826400 /* libc++.tbd in Frameworks */ = {isa = PBXBuildFile; fileRef = 156F82E8275E204900826400 /* libc++.tbd */; };
		156F837D275E2A0F00826400 /* libPEPIPsecObjCTypes_macOS.a in Frameworks */ = {isa = PBXBuildFile; fileRef = 156F837C275E2A0F00826400 /* libPEPIPsecObjCTypes_macOS.a */; };
		156F837F275E2B2400826400 /* libpEpIPsecObjCTypeUtils_macOS.a in Frameworks */ = {isa = PBXBuildFile; fileRef = 156F837E275E2B2400826400 /* libpEpIPsecObjCTypeUtils_macOS.a */; };
		156F8380275E2B5400826400 /* libc++.tbd in Frameworks */ = {isa = PBXBuildFile; fileRef = 156F82E8275E204900826400 /* libc++.tbd */; };
		156F839C275E3D7B00826400 /* libc++.tbd in Frameworks */ = {isa = PBXBuildFile; fileRef = 156F82E8275E204900826400 /* libc++.tbd */; };
		156F839E275E3DC500826400 /* libPEPIPsecObjCTypes_macOS.a in Frameworks */ = {isa = PBXBuildFile; fileRef = 156F839D275E3DC500826400 /* libPEPIPsecObjCTypes_macOS.a */; };
		156F83A0275E3DC500826400 /* libpEpIPsecObjCTypeUtils_macOS.a in Frameworks */ = {isa = PBXBuildFile; fileRef = 156F839F275E3DC500826400 /* libpEpIPsecObjCTypeUtils_macOS.a */; };
		156F83A3275E4D3C00826400 /* libPEPObjCTypeUtils_macOS.a in Frameworks */ = {isa = PBXBuildFile; fileRef = 156F83A2275E4D3C00826400 /* libPEPObjCTypeUtils_macOS.a */; };
		156F83A4275E4D3C00826400 /* libPEPObjCTypes_macOS.a in Frameworks */ = {isa = PBXBuildFile; fileRef = 1554CF0427552A8000529E81 /* libPEPObjCTypes_macOS.a */; };
		156F83A6275E4D5300826400 /* libPEPIPsecObjCTypes_macOS.a in Frameworks */ = {isa = PBXBuildFile; fileRef = 156F83A5275E4D5300826400 /* libPEPIPsecObjCTypes_macOS.a */; };
		156F83A8275E4D5300826400 /* libpEpIPsecObjCTypeUtils_macOS.a in Frameworks */ = {isa = PBXBuildFile; fileRef = 156F83A7275E4D5300826400 /* libpEpIPsecObjCTypeUtils_macOS.a */; };
		156F83AE275E532D00826400 /* libPEPObjCTypes_macOS.a in Frameworks */ = {isa = PBXBuildFile; fileRef = 1554CF0427552A8000529E81 /* libPEPObjCTypes_macOS.a */; };
		15A9CA2E2761053A00307D3F /* main.m in Sources */ = {isa = PBXBuildFile; fileRef = 15A9CA2C2761051A00307D3F /* main.m */; };
		15A9CA2F2761053E00307D3F /* PEPRPCTransportTestConnector.m in Sources */ = {isa = PBXBuildFile; fileRef = 15A9CA282761051A00307D3F /* PEPRPCTransportTestConnector.m */; };
		15B3691027625D2800EFC2EA /* libPEPObjCTypeUtils_macOS.a in Frameworks */ = {isa = PBXBuildFile; fileRef = 15B3690F27625D2800EFC2EA /* libPEPObjCTypeUtils_macOS.a */; };
		15B3694027625E2300EFC2EA /* libpEpRPCObjCAdapter.a in Frameworks */ = {isa = PBXBuildFile; fileRef = 15B3690C27625A6F00EFC2EA /* libpEpRPCObjCAdapter.a */; };
		15B3694327625E3E00EFC2EA /* libpEpRPCObjCAdapter.a in Frameworks */ = {isa = PBXBuildFile; fileRef = 15B3690C27625A6F00EFC2EA /* libpEpRPCObjCAdapter.a */; };
		15E06FA926CA5DD10039696A /* PEPCC.m in Sources */ = {isa = PBXBuildFile; fileRef = 15E06FA826CA5DD10039696A /* PEPCC.m */; };
		15E070FD26CBE4190039696A /* pEpCCTests.m in Sources */ = {isa = PBXBuildFile; fileRef = 15E070FC26CBE4190039696A /* pEpCCTests.m */; };
		15E070FF26CBE4190039696A /* libPEPIPsecControlChannel_macOS.a in Frameworks */ = {isa = PBXBuildFile; fileRef = 15E06F9826CA587B0039696A /* libPEPIPsecControlChannel_macOS.a */; };
		435330032744FF2D0000D4AD /* NSError+PEPCCTransport+internal.h in Headers */ = {isa = PBXBuildFile; fileRef = 43532FE52744FF2D0000D4AD /* NSError+PEPCCTransport+internal.h */; };
		435330042744FF2D0000D4AD /* NSError+PEPCCTransport+internal.m in Sources */ = {isa = PBXBuildFile; fileRef = 43532FE62744FF2D0000D4AD /* NSError+PEPCCTransport+internal.m */; };
		43FDE95127463BE800667EE4 /* PEPTransportProtocol.h in Headers */ = {isa = PBXBuildFile; fileRef = 43FDE95027463BE800667EE4 /* PEPTransportProtocol.h */; };
		4E5FB2C226E609BA00CDB7D4 /* PEPCC+Test.m in Sources */ = {isa = PBXBuildFile; fileRef = 4E5FB2C126E609BA00CDB7D4 /* PEPCC+Test.m */; };
		4E5FB2F326E6125C00CDB7D4 /* PEPSCTPTransportMock.m in Sources */ = {isa = PBXBuildFile; fileRef = 4E5FB2F226E6125C00CDB7D4 /* PEPSCTPTransportMock.m */; };
		4E5FB31926E63DA800CDB7D4 /* PEPCCTestUtil.m in Sources */ = {isa = PBXBuildFile; fileRef = 4E5FB31826E63DA800CDB7D4 /* PEPCCTestUtil.m */; };
		4E872DE426DFAF9A00808896 /* foo.swift in Sources */ = {isa = PBXBuildFile; fileRef = 4E872DE326DFAF9A00808896 /* foo.swift */; };
/* End PBXBuildFile section */

/* Begin PBXContainerItemProxy section */
		1554CF0327552A8000529E81 /* PBXContainerItemProxy */ = {
			isa = PBXContainerItemProxy;
			containerPortal = 1554CEFD27552A8000529E81 /* PEPObjCTypes.xcodeproj */;
			proxyType = 2;
			remoteGlobalIDString = 4E575858268329170084F02D;
			remoteInfo = PEPObjCTypes_macOS;
		};
		1554CF0527552A8000529E81 /* PBXContainerItemProxy */ = {
			isa = PBXContainerItemProxy;
			containerPortal = 1554CEFD27552A8000529E81 /* PEPObjCTypes.xcodeproj */;
			proxyType = 2;
			remoteGlobalIDString = 4E575865268329A20084F02D;
			remoteInfo = PEPObjCTypes_iOS;
		};
		1554CF0727552A8000529E81 /* PBXContainerItemProxy */ = {
			isa = PBXContainerItemProxy;
			containerPortal = 1554CEFD27552A8000529E81 /* PEPObjCTypes.xcodeproj */;
			proxyType = 2;
			remoteGlobalIDString = 4E5758BF26833D140084F02D;
			remoteInfo = PEPObjCTypesTests_iOS;
		};
		1554CF0927552A8F00529E81 /* PBXContainerItemProxy */ = {
			isa = PBXContainerItemProxy;
			containerPortal = 1554CEFD27552A8000529E81 /* PEPObjCTypes.xcodeproj */;
			proxyType = 1;
			remoteGlobalIDString = 4E575857268329170084F02D;
			remoteInfo = PEPObjCTypes_macOS;
		};
		156F82E1275E1B0B00826400 /* PBXContainerItemProxy */ = {
			isa = PBXContainerItemProxy;
			containerPortal = 1554CEFD27552A8000529E81 /* PEPObjCTypes.xcodeproj */;
			proxyType = 2;
			remoteGlobalIDString = 439F4C36275632B2005F278E;
			remoteInfo = PEPObjCTypesTests_macOS;
		};
		15B3690B27625A6F00EFC2EA /* PBXContainerItemProxy */ = {
			isa = PBXContainerItemProxy;
			containerPortal = 1554CEC82755295500529E81 /* pEpRPCObjCAdapter.xcodeproj */;
			proxyType = 2;
			remoteGlobalIDString = 5B9C6C11273C2B5C00079CDC;
			remoteInfo = pEpRPCObjCAdapter;
		};
		15B3690D27625A6F00EFC2EA /* PBXContainerItemProxy */ = {
			isa = PBXContainerItemProxy;
			containerPortal = 1554CEC82755295500529E81 /* pEpRPCObjCAdapter.xcodeproj */;
			proxyType = 2;
			remoteGlobalIDString = 5B142741274514FA0013820D;
			remoteInfo = pEpRPCObjCAdapterTest;
		};
		15B3691427625D5900EFC2EA /* PBXContainerItemProxy */ = {
			isa = PBXContainerItemProxy;
			containerPortal = 15B3691127625D5900EFC2EA /* pEpIPsecObjCTypeUtils.xcodeproj */;
			proxyType = 1;
			remoteGlobalIDString = 5BD9A179272A94FC00D6336D;
			remoteInfo = pEpIPsecObjCTypeUtils_macOS;
		};
		15B3691827625D5900EFC2EA /* PBXContainerItemProxy */ = {
			isa = PBXContainerItemProxy;
			containerPortal = 15B3691127625D5900EFC2EA /* pEpIPsecObjCTypeUtils.xcodeproj */;
			proxyType = 2;
			remoteGlobalIDString = 5BD9A17A272A94FC00D6336D;
			remoteInfo = pEpIPsecObjCTypeUtils_macOS;
		};
		15B3691A27625D5900EFC2EA /* PBXContainerItemProxy */ = {
			isa = PBXContainerItemProxy;
			containerPortal = 15B3691127625D5900EFC2EA /* pEpIPsecObjCTypeUtils.xcodeproj */;
			proxyType = 2;
			remoteGlobalIDString = 5BAEBF51272BE5CC00DA2783;
			remoteInfo = pEpIPsecObjCTypeUtilsTest;
		};
		15B3691C27625D6600EFC2EA /* PBXContainerItemProxy */ = {
			isa = PBXContainerItemProxy;
			containerPortal = 1554CEFD27552A8000529E81 /* PEPObjCTypes.xcodeproj */;
			proxyType = 1;
			remoteGlobalIDString = 4E575857268329170084F02D;
			remoteInfo = PEPObjCTypes_macOS;
		};
		15B3692327625D7A00EFC2EA /* PBXContainerItemProxy */ = {
			isa = PBXContainerItemProxy;
			containerPortal = 15B3692027625D7A00EFC2EA /* PEPIPsecObjCTypes.xcodeproj */;
			proxyType = 1;
			remoteGlobalIDString = 5BF163742726C60D00DBEC03;
			remoteInfo = PEPIPsecObjCTypes_macOS;
		};
		15B3692627625D7A00EFC2EA /* PBXContainerItemProxy */ = {
			isa = PBXContainerItemProxy;
			containerPortal = 15B3692027625D7A00EFC2EA /* PEPIPsecObjCTypes.xcodeproj */;
			proxyType = 2;
			remoteGlobalIDString = 5BF163752726C60D00DBEC03;
			remoteInfo = PEPIPsecObjCTypes_macOS;
		};
		15B3692B27625DBC00EFC2EA /* PBXContainerItemProxy */ = {
			isa = PBXContainerItemProxy;
			containerPortal = 15B3692827625DBC00EFC2EA /* PEPObjCTypeUtils.xcodeproj */;
			proxyType = 1;
			remoteGlobalIDString = 1585EA7B26984C4300B822E1;
			remoteInfo = PEPObjCTypeUtils_macOS;
		};
		15B3693027625DBC00EFC2EA /* PBXContainerItemProxy */ = {
			isa = PBXContainerItemProxy;
			containerPortal = 15B3692827625DBC00EFC2EA /* PEPObjCTypeUtils.xcodeproj */;
			proxyType = 2;
			remoteGlobalIDString = 1585EA7C26984C4300B822E1;
			remoteInfo = PEPObjCTypeUtils_macOS;
		};
		15B3693227625DBC00EFC2EA /* PBXContainerItemProxy */ = {
			isa = PBXContainerItemProxy;
			containerPortal = 15B3692827625DBC00EFC2EA /* PEPObjCTypeUtils.xcodeproj */;
			proxyType = 2;
			remoteGlobalIDString = 1585EB3D2698636C00B822E1;
			remoteInfo = PEPObjCTypeUtils_iOS;
		};
		15B3693427625DBC00EFC2EA /* PBXContainerItemProxy */ = {
			isa = PBXContainerItemProxy;
			containerPortal = 15B3692827625DBC00EFC2EA /* PEPObjCTypeUtils.xcodeproj */;
			proxyType = 2;
			remoteGlobalIDString = 43B0EAD1274D21E100F5D076;
			remoteInfo = PEPObjCTypeUtilsTests_macOS;
		};
		15B3693627625DD100EFC2EA /* PBXContainerItemProxy */ = {
			isa = PBXContainerItemProxy;
			containerPortal = 1554CEFD27552A8000529E81 /* PEPObjCTypes.xcodeproj */;
			proxyType = 1;
			remoteGlobalIDString = 4E575857268329170084F02D;
			remoteInfo = PEPObjCTypes_macOS;
		};
		15B3693827625DD100EFC2EA /* PBXContainerItemProxy */ = {
			isa = PBXContainerItemProxy;
			containerPortal = 15B3692027625D7A00EFC2EA /* PEPIPsecObjCTypes.xcodeproj */;
			proxyType = 1;
			remoteGlobalIDString = 5BF163742726C60D00DBEC03;
			remoteInfo = PEPIPsecObjCTypes_macOS;
		};
		15B3693A27625DD800EFC2EA /* PBXContainerItemProxy */ = {
			isa = PBXContainerItemProxy;
			containerPortal = 15B3691127625D5900EFC2EA /* pEpIPsecObjCTypeUtils.xcodeproj */;
			proxyType = 1;
			remoteGlobalIDString = 5BD9A179272A94FC00D6336D;
			remoteInfo = pEpIPsecObjCTypeUtils_macOS;
		};
		15B3693C27625DD800EFC2EA /* PBXContainerItemProxy */ = {
			isa = PBXContainerItemProxy;
			containerPortal = 15B3692827625DBC00EFC2EA /* PEPObjCTypeUtils.xcodeproj */;
			proxyType = 1;
			remoteGlobalIDString = 1585EA7B26984C4300B822E1;
			remoteInfo = PEPObjCTypeUtils_macOS;
		};
		15B3693E27625E1900EFC2EA /* PBXContainerItemProxy */ = {
			isa = PBXContainerItemProxy;
			containerPortal = 1554CEC82755295500529E81 /* pEpRPCObjCAdapter.xcodeproj */;
			proxyType = 1;
			remoteGlobalIDString = 5B9C6C10273C2B5C00079CDC;
			remoteInfo = pEpRPCObjCAdapter;
		};
		15B3694127625E2F00EFC2EA /* PBXContainerItemProxy */ = {
			isa = PBXContainerItemProxy;
			containerPortal = 1554CEC82755295500529E81 /* pEpRPCObjCAdapter.xcodeproj */;
			proxyType = 1;
			remoteGlobalIDString = 5B9C6C10273C2B5C00079CDC;
			remoteInfo = pEpRPCObjCAdapter;
		};
		15E0710026CBE4190039696A /* PBXContainerItemProxy */ = {
			isa = PBXContainerItemProxy;
			containerPortal = 15E06F8026CA585B0039696A /* Project object */;
			proxyType = 1;
			remoteGlobalIDString = 15E06F9726CA587B0039696A;
			remoteInfo = pEpCC_macOS;
		};
/* End PBXContainerItemProxy section */

/* Begin PBXFileReference section */
		1554CB722750007200529E81 /* PEPIPsecControlChannel.h */ = {isa = PBXFileReference; lastKnownFileType = sourcecode.c.h; path = PEPIPsecControlChannel.h; sourceTree = "<group>"; };
		1554CEA22755135200529E81 /* TestMirrorRPCServer_macOS */ = {isa = PBXFileReference; explicitFileType = "compiled.mach-o.executable"; includeInIndex = 0; path = TestMirrorRPCServer_macOS; sourceTree = BUILT_PRODUCTS_DIR; };
		1554CEAA275513A000529E81 /* README.md */ = {isa = PBXFileReference; lastKnownFileType = net.daringfireball.markdown; path = README.md; sourceTree = "<group>"; };
		1554CEAB275513A000529E81 /* main.m */ = {isa = PBXFileReference; lastKnownFileType = sourcecode.c.objc; path = main.m; sourceTree = "<group>"; };
		1554CEC82755295500529E81 /* pEpRPCObjCAdapter.xcodeproj */ = {isa = PBXFileReference; lastKnownFileType = "wrapper.pb-project"; name = pEpRPCObjCAdapter.xcodeproj; path = "../../../pEp-for-ipsec/pEpRPCObjCAdapter/build-mac/pEpRPCObjCAdapter.xcodeproj"; sourceTree = "<group>"; };
		1554CEFD27552A8000529E81 /* PEPObjCTypes.xcodeproj */ = {isa = PBXFileReference; lastKnownFileType = "wrapper.pb-project"; name = PEPObjCTypes.xcodeproj; path = ../../../pEpObjCAdapter/Subprojects/PEPObjCTypes/PEPObjCTypes.xcodeproj; sourceTree = "<group>"; };
		1554CF0F27552EFE00529E81 /* PEPTransportRPCMirroringSupervisor.h */ = {isa = PBXFileReference; lastKnownFileType = sourcecode.c.h; path = PEPTransportRPCMirroringSupervisor.h; sourceTree = "<group>"; };
		1554CF1027552EFE00529E81 /* PEPTransportRPCMirroringSupervisor.m */ = {isa = PBXFileReference; lastKnownFileType = sourcecode.c.objc; path = PEPTransportRPCMirroringSupervisor.m; sourceTree = "<group>"; };
		156F82E4275E1E1B00826400 /* libPEPIPsecObjCTypes_macOS.a */ = {isa = PBXFileReference; explicitFileType = archive.ar; path = libPEPIPsecObjCTypes_macOS.a; sourceTree = BUILT_PRODUCTS_DIR; };
		156F82E6275E202500826400 /* libpEpIPsecObjCTypeUtils_macOS.a */ = {isa = PBXFileReference; explicitFileType = archive.ar; path = libpEpIPsecObjCTypeUtils_macOS.a; sourceTree = BUILT_PRODUCTS_DIR; };
		156F82E8275E204900826400 /* libc++.tbd */ = {isa = PBXFileReference; lastKnownFileType = "sourcecode.text-based-dylib-definition"; name = "libc++.tbd"; path = "Platforms/MacOSX.platform/Developer/SDKs/MacOSX11.3.sdk/usr/lib/libc++.tbd"; sourceTree = DEVELOPER_DIR; };
		156F835C275E29EC00826400 /* libPEPIPsecTypes_macOS.a */ = {isa = PBXFileReference; explicitFileType = archive.ar; path = libPEPIPsecTypes_macOS.a; sourceTree = BUILT_PRODUCTS_DIR; };
		156F837C275E2A0F00826400 /* libPEPIPsecObjCTypes_macOS.a */ = {isa = PBXFileReference; explicitFileType = archive.ar; path = libPEPIPsecObjCTypes_macOS.a; sourceTree = BUILT_PRODUCTS_DIR; };
		156F837E275E2B2400826400 /* libpEpIPsecObjCTypeUtils_macOS.a */ = {isa = PBXFileReference; explicitFileType = archive.ar; path = libpEpIPsecObjCTypeUtils_macOS.a; sourceTree = BUILT_PRODUCTS_DIR; };
		156F8385275E307700826400 /* TestAutoSendingRPCClient_macOS */ = {isa = PBXFileReference; explicitFileType = "compiled.mach-o.executable"; includeInIndex = 0; path = TestAutoSendingRPCClient_macOS; sourceTree = BUILT_PRODUCTS_DIR; };
		156F839D275E3DC500826400 /* libPEPIPsecObjCTypes_macOS.a */ = {isa = PBXFileReference; explicitFileType = archive.ar; path = libPEPIPsecObjCTypes_macOS.a; sourceTree = BUILT_PRODUCTS_DIR; };
		156F839F275E3DC500826400 /* libpEpIPsecObjCTypeUtils_macOS.a */ = {isa = PBXFileReference; explicitFileType = archive.ar; path = libpEpIPsecObjCTypeUtils_macOS.a; sourceTree = BUILT_PRODUCTS_DIR; };
		156F83A2275E4D3C00826400 /* libPEPObjCTypeUtils_macOS.a */ = {isa = PBXFileReference; explicitFileType = archive.ar; path = libPEPObjCTypeUtils_macOS.a; sourceTree = BUILT_PRODUCTS_DIR; };
		156F83A5275E4D5300826400 /* libPEPIPsecObjCTypes_macOS.a */ = {isa = PBXFileReference; explicitFileType = archive.ar; path = libPEPIPsecObjCTypes_macOS.a; sourceTree = BUILT_PRODUCTS_DIR; };
		156F83A7275E4D5300826400 /* libpEpIPsecObjCTypeUtils_macOS.a */ = {isa = PBXFileReference; explicitFileType = archive.ar; path = libpEpIPsecObjCTypeUtils_macOS.a; sourceTree = BUILT_PRODUCTS_DIR; };
		15A9C8CB2760BB6F00307D3F /* libpEpEngine_macOS.a */ = {isa = PBXFileReference; explicitFileType = archive.ar; path = libpEpEngine_macOS.a; sourceTree = BUILT_PRODUCTS_DIR; };
		15A9C8EB2760BB7900307D3F /* libpEpEngine_macOS.a */ = {isa = PBXFileReference; explicitFileType = archive.ar; path = libpEpEngine_macOS.a; sourceTree = BUILT_PRODUCTS_DIR; };
		15A9C8ED2760BD5100307D3F /* libPEPObjCTypeUtils_macOS.a */ = {isa = PBXFileReference; explicitFileType = archive.ar; path = libPEPObjCTypeUtils_macOS.a; sourceTree = BUILT_PRODUCTS_DIR; };
		15A9CA282761051A00307D3F /* PEPRPCTransportTestConnector.m */ = {isa = PBXFileReference; lastKnownFileType = sourcecode.c.objc; path = PEPRPCTransportTestConnector.m; sourceTree = "<group>"; };
		15A9CA2B2761051A00307D3F /* README.md */ = {isa = PBXFileReference; lastKnownFileType = net.daringfireball.markdown; path = README.md; sourceTree = "<group>"; };
		15A9CA2C2761051A00307D3F /* main.m */ = {isa = PBXFileReference; lastKnownFileType = sourcecode.c.objc; path = main.m; sourceTree = "<group>"; };
		15A9CA2D2761051A00307D3F /* PEPRPCTransportTestConnector.h */ = {isa = PBXFileReference; lastKnownFileType = sourcecode.c.h; path = PEPRPCTransportTestConnector.h; sourceTree = "<group>"; };
		15B3690F27625D2800EFC2EA /* libPEPObjCTypeUtils_macOS.a */ = {isa = PBXFileReference; explicitFileType = archive.ar; path = libPEPObjCTypeUtils_macOS.a; sourceTree = BUILT_PRODUCTS_DIR; };
		15B3691127625D5900EFC2EA /* pEpIPsecObjCTypeUtils.xcodeproj */ = {isa = PBXFileReference; lastKnownFileType = "wrapper.pb-project"; name = pEpIPsecObjCTypeUtils.xcodeproj; path = "/Users/buff/workspace/pEp/src_pEp4ipsec/pEp-for-ipsec/pEpIPsecObjCTypeUtils/build-mac/pEpIPsecObjCTypeUtils.xcodeproj"; sourceTree = "<absolute>"; };
		15B3691E27625D6E00EFC2EA /* libPEPIPsecObjCTypes_macOS.a */ = {isa = PBXFileReference; explicitFileType = archive.ar; path = libPEPIPsecObjCTypes_macOS.a; sourceTree = BUILT_PRODUCTS_DIR; };
		15B3692027625D7A00EFC2EA /* PEPIPsecObjCTypes.xcodeproj */ = {isa = PBXFileReference; lastKnownFileType = "wrapper.pb-project"; name = PEPIPsecObjCTypes.xcodeproj; path = "/Users/buff/workspace/pEp/src_pEp4ipsec/pEp-for-ipsec/PEPIPsecObjCTypes/build-mac/PEPIPsecObjCTypes.xcodeproj"; sourceTree = "<absolute>"; };
		15B3692827625DBC00EFC2EA /* PEPObjCTypeUtils.xcodeproj */ = {isa = PBXFileReference; lastKnownFileType = "wrapper.pb-project"; name = PEPObjCTypeUtils.xcodeproj; path = /Users/buff/workspace/pEp/src_pEp4ipsec/pEpObjCAdapter/Subprojects/PEPObjCTypeUtils/PEPObjCTypeUtils.xcodeproj; sourceTree = "<absolute>"; };
		15BD32332743B2D100B1B1F5 /* libPEPObjCTypes_macOS.a */ = {isa = PBXFileReference; explicitFileType = archive.ar; path = libPEPObjCTypes_macOS.a; sourceTree = BUILT_PRODUCTS_DIR; };
		15E06F9826CA587B0039696A /* libPEPIPsecControlChannel_macOS.a */ = {isa = PBXFileReference; explicitFileType = archive.ar; includeInIndex = 0; path = libPEPIPsecControlChannel_macOS.a; sourceTree = BUILT_PRODUCTS_DIR; };
		15E06FA826CA5DD10039696A /* PEPCC.m */ = {isa = PBXFileReference; lastKnownFileType = sourcecode.c.objc; path = PEPCC.m; sourceTree = "<group>"; };
		15E070FA26CBE4190039696A /* PEPIPsecControlChannelTests.xctest */ = {isa = PBXFileReference; explicitFileType = wrapper.cfbundle; includeInIndex = 0; path = PEPIPsecControlChannelTests.xctest; sourceTree = BUILT_PRODUCTS_DIR; };
		15E070FC26CBE4190039696A /* pEpCCTests.m */ = {isa = PBXFileReference; lastKnownFileType = sourcecode.c.objc; path = pEpCCTests.m; sourceTree = "<group>"; };
		15E070FE26CBE4190039696A /* Info.plist */ = {isa = PBXFileReference; lastKnownFileType = text.plist.xml; path = Info.plist; sourceTree = "<group>"; };
		43532FE52744FF2D0000D4AD /* NSError+PEPCCTransport+internal.h */ = {isa = PBXFileReference; fileEncoding = 4; lastKnownFileType = sourcecode.c.h; path = "NSError+PEPCCTransport+internal.h"; sourceTree = "<group>"; };
		43532FE62744FF2D0000D4AD /* NSError+PEPCCTransport+internal.m */ = {isa = PBXFileReference; fileEncoding = 4; lastKnownFileType = sourcecode.c.objc; path = "NSError+PEPCCTransport+internal.m"; sourceTree = "<group>"; };
		43AA7AC5274BF08F0080ABDA /* libpEpEngine_macOS.a */ = {isa = PBXFileReference; explicitFileType = archive.ar; path = libpEpEngine_macOS.a; sourceTree = BUILT_PRODUCTS_DIR; };
		43FDE95027463BE800667EE4 /* PEPTransportProtocol.h */ = {isa = PBXFileReference; fileEncoding = 4; lastKnownFileType = sourcecode.c.h; name = PEPTransportProtocol.h; path = ../../../libpEpTransport/src/PEPTransportProtocol.h; sourceTree = "<group>"; };
		4E5FB29E26E6038E00CDB7D4 /* libpEpASN1_macOS.a */ = {isa = PBXFileReference; explicitFileType = archive.ar; path = libpEpASN1_macOS.a; sourceTree = BUILT_PRODUCTS_DIR; };
		4E5FB2C026E609BA00CDB7D4 /* PEPCC+Test.h */ = {isa = PBXFileReference; lastKnownFileType = sourcecode.c.h; path = "PEPCC+Test.h"; sourceTree = "<group>"; };
		4E5FB2C126E609BA00CDB7D4 /* PEPCC+Test.m */ = {isa = PBXFileReference; lastKnownFileType = sourcecode.c.objc; path = "PEPCC+Test.m"; sourceTree = "<group>"; };
		4E5FB2F126E6125C00CDB7D4 /* PEPSCTPTransportMock.h */ = {isa = PBXFileReference; lastKnownFileType = sourcecode.c.h; path = PEPSCTPTransportMock.h; sourceTree = "<group>"; };
		4E5FB2F226E6125C00CDB7D4 /* PEPSCTPTransportMock.m */ = {isa = PBXFileReference; lastKnownFileType = sourcecode.c.objc; path = PEPSCTPTransportMock.m; sourceTree = "<group>"; };
		4E5FB31726E63DA800CDB7D4 /* PEPCCTestUtil.h */ = {isa = PBXFileReference; lastKnownFileType = sourcecode.c.h; path = PEPCCTestUtil.h; sourceTree = "<group>"; };
		4E5FB31826E63DA800CDB7D4 /* PEPCCTestUtil.m */ = {isa = PBXFileReference; lastKnownFileType = sourcecode.c.objc; path = PEPCCTestUtil.m; sourceTree = "<group>"; };
		4E5FB3CF26E660EA00CDB7D4 /* libpEpEngine_macOS.a */ = {isa = PBXFileReference; explicitFileType = archive.ar; path = libpEpEngine_macOS.a; sourceTree = BUILT_PRODUCTS_DIR; };
		4E872DE226DFAF9900808896 /* pEpCCTests-Bridging-Header.h */ = {isa = PBXFileReference; lastKnownFileType = sourcecode.c.h; path = "pEpCCTests-Bridging-Header.h"; sourceTree = "<group>"; };
		4E872DE326DFAF9A00808896 /* foo.swift */ = {isa = PBXFileReference; lastKnownFileType = sourcecode.swift; path = foo.swift; sourceTree = "<group>"; };
/* End PBXFileReference section */

/* Begin PBXFrameworksBuildPhase section */
		1554CE9F2755135200529E81 /* Frameworks */ = {
			isa = PBXFrameworksBuildPhase;
			buildActionMask = 2147483647;
			files = (
				156F82E9275E204900826400 /* libc++.tbd in Frameworks */,
				156F83AE275E532D00826400 /* libPEPObjCTypes_macOS.a in Frameworks */,
				15B3691027625D2800EFC2EA /* libPEPObjCTypeUtils_macOS.a in Frameworks */,
				156F83A6275E4D5300826400 /* libPEPIPsecObjCTypes_macOS.a in Frameworks */,
				156F83A8275E4D5300826400 /* libpEpIPsecObjCTypeUtils_macOS.a in Frameworks */,
				15B3694027625E2300EFC2EA /* libpEpRPCObjCAdapter.a in Frameworks */,
			);
			runOnlyForDeploymentPostprocessing = 0;
		};
		156F8382275E307700826400 /* Frameworks */ = {
			isa = PBXFrameworksBuildPhase;
			buildActionMask = 2147483647;
			files = (
				156F83A4275E4D3C00826400 /* libPEPObjCTypes_macOS.a in Frameworks */,
				156F83A3275E4D3C00826400 /* libPEPObjCTypeUtils_macOS.a in Frameworks */,
				156F839C275E3D7B00826400 /* libc++.tbd in Frameworks */,
				156F83A0275E3DC500826400 /* libpEpIPsecObjCTypeUtils_macOS.a in Frameworks */,
				156F839E275E3DC500826400 /* libPEPIPsecObjCTypes_macOS.a in Frameworks */,
				15B3694327625E3E00EFC2EA /* libpEpRPCObjCAdapter.a in Frameworks */,
			);
			runOnlyForDeploymentPostprocessing = 0;
		};
		15E06F9626CA587B0039696A /* Frameworks */ = {
			isa = PBXFrameworksBuildPhase;
			buildActionMask = 2147483647;
			files = (
			);
			runOnlyForDeploymentPostprocessing = 0;
		};
		15E070F726CBE4190039696A /* Frameworks */ = {
			isa = PBXFrameworksBuildPhase;
			buildActionMask = 2147483647;
			files = (
				156F8380275E2B5400826400 /* libc++.tbd in Frameworks */,
				156F837F275E2B2400826400 /* libpEpIPsecObjCTypeUtils_macOS.a in Frameworks */,
				156F837D275E2A0F00826400 /* libPEPIPsecObjCTypes_macOS.a in Frameworks */,
				15E070FF26CBE4190039696A /* libPEPIPsecControlChannel_macOS.a in Frameworks */,
			);
			runOnlyForDeploymentPostprocessing = 0;
		};
/* End PBXFrameworksBuildPhase section */

/* Begin PBXGroup section */
		1554CB712750007200529E81 /* PublicHeaders */ = {
			isa = PBXGroup;
			children = (
				1554CB722750007200529E81 /* PEPIPsecControlChannel.h */,
			);
			name = PublicHeaders;
			path = ../PublicHeaders;
			sourceTree = "<group>";
		};
		1554CEA9275513A000529E81 /* TestMirrorRPCServer */ = {
			isa = PBXGroup;
			children = (
				1554CEAA275513A000529E81 /* README.md */,
				1554CEAB275513A000529E81 /* main.m */,
				1554CF0F27552EFE00529E81 /* PEPTransportRPCMirroringSupervisor.h */,
				1554CF1027552EFE00529E81 /* PEPTransportRPCMirroringSupervisor.m */,
			);
			name = TestMirrorRPCServer;
			path = ../TestMirrorRPCServer;
			sourceTree = "<group>";
		};
		1554CEFE27552A8000529E81 /* Products */ = {
			isa = PBXGroup;
			children = (
				1554CF0427552A8000529E81 /* libPEPObjCTypes_macOS.a */,
				1554CF0627552A8000529E81 /* libPEPObjCTypes_iOS.a */,
				1554CF0827552A8000529E81 /* PEPObjCTypesTests_iOS.xctest */,
				156F82E2275E1B0B00826400 /* PEPObjCTypesTests_macOS.xctest */,
			);
			name = Products;
			sourceTree = "<group>";
		};
		15A9CA272761051A00307D3F /* TestRPCClient */ = {
			isa = PBXGroup;
			children = (
				15A9CA2B2761051A00307D3F /* README.md */,
				15A9CA2C2761051A00307D3F /* main.m */,
				15A9CA2D2761051A00307D3F /* PEPRPCTransportTestConnector.h */,
				15A9CA282761051A00307D3F /* PEPRPCTransportTestConnector.m */,
			);
			name = TestRPCClient;
			path = ../TestRPCClient;
			sourceTree = "<group>";
		};
		15B3690727625A6F00EFC2EA /* Products */ = {
			isa = PBXGroup;
			children = (
				15B3690C27625A6F00EFC2EA /* libpEpRPCObjCAdapter.a */,
				15B3690E27625A6F00EFC2EA /* pEpRPCObjCAdapterTest.xctest */,
			);
			name = Products;
			sourceTree = "<group>";
		};
		15B3691227625D5900EFC2EA /* Products */ = {
			isa = PBXGroup;
			children = (
				15B3691927625D5900EFC2EA /* libpEpIPsecObjCTypeUtils_macOS.a */,
				15B3691B27625D5900EFC2EA /* pEpIPsecObjCTypeUtilsTest.xctest */,
			);
			name = Products;
			sourceTree = "<group>";
		};
		15B3692127625D7A00EFC2EA /* Products */ = {
			isa = PBXGroup;
			children = (
				15B3692727625D7A00EFC2EA /* libPEPIPsecObjCTypes_macOS.a */,
			);
			name = Products;
			sourceTree = "<group>";
		};
		15B3692927625DBC00EFC2EA /* Products */ = {
			isa = PBXGroup;
			children = (
				15B3693127625DBC00EFC2EA /* libPEPObjCTypeUtils_macOS.a */,
				15B3693327625DBC00EFC2EA /* libPEPObjCTypeUtils_iOS.a */,
				15B3693527625DBC00EFC2EA /* PEPObjCTypeUtilsTests_macOS.xctest */,
			);
			name = Products;
			sourceTree = "<group>";
		};
		15B3697D27625FB100EFC2EA /* Delete? */ = {
			isa = PBXGroup;
			children = (
				43532FE42744FF2D0000D4AD /* Error */,
			);
			path = "Delete?";
			sourceTree = "<group>";
		};
		15E06F7F26CA585B0039696A = {
			isa = PBXGroup;
			children = (
				1554CEFD27552A8000529E81 /* PEPObjCTypes.xcodeproj */,
				15B3692827625DBC00EFC2EA /* PEPObjCTypeUtils.xcodeproj */,
				15B3692027625D7A00EFC2EA /* PEPIPsecObjCTypes.xcodeproj */,
				15B3691127625D5900EFC2EA /* pEpIPsecObjCTypeUtils.xcodeproj */,
				1554CEC82755295500529E81 /* pEpRPCObjCAdapter.xcodeproj */,
				1554CB712750007200529E81 /* PublicHeaders */,
				15E06FA126CA590D0039696A /* src */,
				15E070FB26CBE4190039696A /* pEpCCTests */,
				1554CEA9275513A000529E81 /* TestMirrorRPCServer */,
				15A9CA272761051A00307D3F /* TestRPCClient */,
				15E06F8926CA585B0039696A /* Products */,
				15E070AB26CA7D2A0039696A /* Frameworks */,
			);
			sourceTree = "<group>";
		};
		15E06F8926CA585B0039696A /* Products */ = {
			isa = PBXGroup;
			children = (
				15E06F9826CA587B0039696A /* libPEPIPsecControlChannel_macOS.a */,
				15E070FA26CBE4190039696A /* PEPIPsecControlChannelTests.xctest */,
				1554CEA22755135200529E81 /* TestMirrorRPCServer_macOS */,
				156F8385275E307700826400 /* TestAutoSendingRPCClient_macOS */,
			);
			name = Products;
			sourceTree = "<group>";
		};
		15E06FA126CA590D0039696A /* src */ = {
			isa = PBXGroup;
			children = (
				15B3697D27625FB100EFC2EA /* Delete? */,
				43FDE95027463BE800667EE4 /* PEPTransportProtocol.h */,
				15E06FA826CA5DD10039696A /* PEPCC.m */,
			);
			name = src;
			path = ../src;
			sourceTree = "<group>";
		};
		15E070AB26CA7D2A0039696A /* Frameworks */ = {
			isa = PBXGroup;
			children = (
				15B3691E27625D6E00EFC2EA /* libPEPIPsecObjCTypes_macOS.a */,
				15B3690F27625D2800EFC2EA /* libPEPObjCTypeUtils_macOS.a */,
				15A9C8ED2760BD5100307D3F /* libPEPObjCTypeUtils_macOS.a */,
				15A9C8EB2760BB7900307D3F /* libpEpEngine_macOS.a */,
				15A9C8CB2760BB6F00307D3F /* libpEpEngine_macOS.a */,
				156F83A5275E4D5300826400 /* libPEPIPsecObjCTypes_macOS.a */,
				156F83A7275E4D5300826400 /* libpEpIPsecObjCTypeUtils_macOS.a */,
				156F83A2275E4D3C00826400 /* libPEPObjCTypeUtils_macOS.a */,
				156F839D275E3DC500826400 /* libPEPIPsecObjCTypes_macOS.a */,
				156F839F275E3DC500826400 /* libpEpIPsecObjCTypeUtils_macOS.a */,
				156F837E275E2B2400826400 /* libpEpIPsecObjCTypeUtils_macOS.a */,
				156F837C275E2A0F00826400 /* libPEPIPsecObjCTypes_macOS.a */,
				156F835C275E29EC00826400 /* libPEPIPsecTypes_macOS.a */,
				156F82E8275E204900826400 /* libc++.tbd */,
				156F82E6275E202500826400 /* libpEpIPsecObjCTypeUtils_macOS.a */,
				156F82E4275E1E1B00826400 /* libPEPIPsecObjCTypes_macOS.a */,
				43AA7AC5274BF08F0080ABDA /* libpEpEngine_macOS.a */,
				15BD32332743B2D100B1B1F5 /* libPEPObjCTypes_macOS.a */,
				4E5FB3CF26E660EA00CDB7D4 /* libpEpEngine_macOS.a */,
				4E5FB29E26E6038E00CDB7D4 /* libpEpASN1_macOS.a */,
			);
			name = Frameworks;
			sourceTree = "<group>";
		};
		15E070FB26CBE4190039696A /* pEpCCTests */ = {
			isa = PBXGroup;
			children = (
				4E872D9E26DF9BEA00808896 /* TestUtils */,
				15E070FC26CBE4190039696A /* pEpCCTests.m */,
				15E070FE26CBE4190039696A /* Info.plist */,
			);
			path = pEpCCTests;
			sourceTree = "<group>";
		};
		43532FE42744FF2D0000D4AD /* Error */ = {
			isa = PBXGroup;
			children = (
				43532FE52744FF2D0000D4AD /* NSError+PEPCCTransport+internal.h */,
				43532FE62744FF2D0000D4AD /* NSError+PEPCCTransport+internal.m */,
			);
			path = Error;
			sourceTree = "<group>";
		};
		4E872D9E26DF9BEA00808896 /* TestUtils */ = {
			isa = PBXGroup;
			children = (
				4E872DE326DFAF9A00808896 /* foo.swift */,
				4E872DE226DFAF9900808896 /* pEpCCTests-Bridging-Header.h */,
				4E5FB2C026E609BA00CDB7D4 /* PEPCC+Test.h */,
				4E5FB2C126E609BA00CDB7D4 /* PEPCC+Test.m */,
				4E5FB2F126E6125C00CDB7D4 /* PEPSCTPTransportMock.h */,
				4E5FB2F226E6125C00CDB7D4 /* PEPSCTPTransportMock.m */,
				4E5FB31726E63DA800CDB7D4 /* PEPCCTestUtil.h */,
				4E5FB31826E63DA800CDB7D4 /* PEPCCTestUtil.m */,
			);
			path = TestUtils;
			sourceTree = "<group>";
		};
/* End PBXGroup section */

/* Begin PBXHeadersBuildPhase section */
		15E06F9426CA587B0039696A /* Headers */ = {
			isa = PBXHeadersBuildPhase;
			buildActionMask = 2147483647;
			files = (
				43FDE95127463BE800667EE4 /* PEPTransportProtocol.h in Headers */,
				435330032744FF2D0000D4AD /* NSError+PEPCCTransport+internal.h in Headers */,
			);
			runOnlyForDeploymentPostprocessing = 0;
		};
/* End PBXHeadersBuildPhase section */

/* Begin PBXNativeTarget section */
		1554CEA12755135200529E81 /* TestMirrorRPCServer_macOS */ = {
			isa = PBXNativeTarget;
			buildConfigurationList = 1554CEA62755135200529E81 /* Build configuration list for PBXNativeTarget "TestMirrorRPCServer_macOS" */;
			buildPhases = (
				1554CE9E2755135200529E81 /* Sources */,
				1554CE9F2755135200529E81 /* Frameworks */,
			);
			buildRules = (
			);
			dependencies = (
				15B3691D27625D6600EFC2EA /* PBXTargetDependency */,
				15B3692C27625DBC00EFC2EA /* PBXTargetDependency */,
				15B3692427625D7A00EFC2EA /* PBXTargetDependency */,
				15B3691527625D5900EFC2EA /* PBXTargetDependency */,
				15B3693F27625E1900EFC2EA /* PBXTargetDependency */,
			);
			name = TestMirrorRPCServer_macOS;
			productName = TestMirrorRPCServer_macOS;
			productReference = 1554CEA22755135200529E81 /* TestMirrorRPCServer_macOS */;
			productType = "com.apple.product-type.tool";
		};
		156F8384275E307700826400 /* TestAutoSendingRPCClient_macOS */ = {
			isa = PBXNativeTarget;
			buildConfigurationList = 156F8389275E307700826400 /* Build configuration list for PBXNativeTarget "TestAutoSendingRPCClient_macOS" */;
			buildPhases = (
				156F8381275E307700826400 /* Sources */,
				156F8382275E307700826400 /* Frameworks */,
			);
			buildRules = (
			);
			dependencies = (
				15B3693727625DD100EFC2EA /* PBXTargetDependency */,
				15B3693D27625DD800EFC2EA /* PBXTargetDependency */,
				15B3693927625DD100EFC2EA /* PBXTargetDependency */,
				15B3693B27625DD800EFC2EA /* PBXTargetDependency */,
				15B3694227625E2F00EFC2EA /* PBXTargetDependency */,
			);
			name = TestAutoSendingRPCClient_macOS;
			productName = TestMirrorRPCClient_macOS;
			productReference = 156F8385275E307700826400 /* TestAutoSendingRPCClient_macOS */;
			productType = "com.apple.product-type.tool";
		};
		15E06F9726CA587B0039696A /* PEPIPsecControlChannel_macOS */ = {
			isa = PBXNativeTarget;
			buildConfigurationList = 15E06F9E26CA587B0039696A /* Build configuration list for PBXNativeTarget "PEPIPsecControlChannel_macOS" */;
			buildPhases = (
				15E06F9426CA587B0039696A /* Headers */,
				15E06F9526CA587B0039696A /* Sources */,
				15E06F9626CA587B0039696A /* Frameworks */,
				1554CB732750013E00529E81 /* Copy Artefacts & Headers */,
			);
			buildRules = (
			);
			dependencies = (
				1554CF0A27552A8F00529E81 /* PBXTargetDependency */,
			);
			name = PEPIPsecControlChannel_macOS;
			productName = pEpCC_macOS;
			productReference = 15E06F9826CA587B0039696A /* libPEPIPsecControlChannel_macOS.a */;
			productType = "com.apple.product-type.library.static";
		};
		15E070F926CBE4190039696A /* PEPIPsecControlChannelTests */ = {
			isa = PBXNativeTarget;
			buildConfigurationList = 15E0710226CBE4190039696A /* Build configuration list for PBXNativeTarget "PEPIPsecControlChannelTests" */;
			buildPhases = (
				15E070F626CBE4190039696A /* Sources */,
				15E070F726CBE4190039696A /* Frameworks */,
				15E070F826CBE4190039696A /* Resources */,
			);
			buildRules = (
			);
			dependencies = (
				15E0710126CBE4190039696A /* PBXTargetDependency */,
			);
			name = PEPIPsecControlChannelTests;
			productName = pEpCCTests;
			productReference = 15E070FA26CBE4190039696A /* PEPIPsecControlChannelTests.xctest */;
			productType = "com.apple.product-type.bundle.unit-test";
		};
/* End PBXNativeTarget section */

/* Begin PBXProject section */
		15E06F8026CA585B0039696A /* Project object */ = {
			isa = PBXProject;
			attributes = {
				LastUpgradeCheck = 1300;
				TargetAttributes = {
					1554CEA12755135200529E81 = {
						CreatedOnToolsVersion = 13.0;
					};
					156F8384275E307700826400 = {
						CreatedOnToolsVersion = 13.0;
					};
					15E06F9726CA587B0039696A = {
						CreatedOnToolsVersion = 12.5;
					};
					15E070F926CBE4190039696A = {
						CreatedOnToolsVersion = 12.5;
						LastSwiftMigration = 1250;
					};
				};
			};
			buildConfigurationList = 15E06F8326CA585B0039696A /* Build configuration list for PBXProject "PEPIPsecControlChannel" */;
			compatibilityVersion = "Xcode 9.3";
			developmentRegion = en;
			hasScannedForEncodings = 0;
			knownRegions = (
				en,
				Base,
			);
			mainGroup = 15E06F7F26CA585B0039696A;
			productRefGroup = 15E06F8926CA585B0039696A /* Products */;
			projectDirPath = "";
			projectReferences = (
				{
					ProductGroup = 15B3692127625D7A00EFC2EA /* Products */;
					ProjectRef = 15B3692027625D7A00EFC2EA /* PEPIPsecObjCTypes.xcodeproj */;
				},
				{
					ProductGroup = 15B3691227625D5900EFC2EA /* Products */;
					ProjectRef = 15B3691127625D5900EFC2EA /* pEpIPsecObjCTypeUtils.xcodeproj */;
				},
				{
					ProductGroup = 1554CEFE27552A8000529E81 /* Products */;
					ProjectRef = 1554CEFD27552A8000529E81 /* PEPObjCTypes.xcodeproj */;
				},
				{
					ProductGroup = 15B3692927625DBC00EFC2EA /* Products */;
					ProjectRef = 15B3692827625DBC00EFC2EA /* PEPObjCTypeUtils.xcodeproj */;
				},
				{
					ProductGroup = 15B3690727625A6F00EFC2EA /* Products */;
					ProjectRef = 1554CEC82755295500529E81 /* pEpRPCObjCAdapter.xcodeproj */;
				},
			);
			projectRoot = "";
			targets = (
				15E06F9726CA587B0039696A /* PEPIPsecControlChannel_macOS */,
				15E070F926CBE4190039696A /* PEPIPsecControlChannelTests */,
				1554CEA12755135200529E81 /* TestMirrorRPCServer_macOS */,
				156F8384275E307700826400 /* TestAutoSendingRPCClient_macOS */,
			);
		};
/* End PBXProject section */

/* Begin PBXReferenceProxy section */
		1554CF0427552A8000529E81 /* libPEPObjCTypes_macOS.a */ = {
			isa = PBXReferenceProxy;
			fileType = archive.ar;
			path = libPEPObjCTypes_macOS.a;
			remoteRef = 1554CF0327552A8000529E81 /* PBXContainerItemProxy */;
			sourceTree = BUILT_PRODUCTS_DIR;
		};
		1554CF0627552A8000529E81 /* libPEPObjCTypes_iOS.a */ = {
			isa = PBXReferenceProxy;
			fileType = archive.ar;
			path = libPEPObjCTypes_iOS.a;
			remoteRef = 1554CF0527552A8000529E81 /* PBXContainerItemProxy */;
			sourceTree = BUILT_PRODUCTS_DIR;
		};
		1554CF0827552A8000529E81 /* PEPObjCTypesTests_iOS.xctest */ = {
			isa = PBXReferenceProxy;
			fileType = wrapper.cfbundle;
			path = PEPObjCTypesTests_iOS.xctest;
			remoteRef = 1554CF0727552A8000529E81 /* PBXContainerItemProxy */;
			sourceTree = BUILT_PRODUCTS_DIR;
		};
		156F82E2275E1B0B00826400 /* PEPObjCTypesTests_macOS.xctest */ = {
			isa = PBXReferenceProxy;
			fileType = wrapper.cfbundle;
			path = PEPObjCTypesTests_macOS.xctest;
			remoteRef = 156F82E1275E1B0B00826400 /* PBXContainerItemProxy */;
			sourceTree = BUILT_PRODUCTS_DIR;
		};
		15B3690C27625A6F00EFC2EA /* libpEpRPCObjCAdapter.a */ = {
			isa = PBXReferenceProxy;
			fileType = archive.ar;
			path = libpEpRPCObjCAdapter.a;
			remoteRef = 15B3690B27625A6F00EFC2EA /* PBXContainerItemProxy */;
			sourceTree = BUILT_PRODUCTS_DIR;
		};
		15B3690E27625A6F00EFC2EA /* pEpRPCObjCAdapterTest.xctest */ = {
			isa = PBXReferenceProxy;
			fileType = wrapper.cfbundle;
			path = pEpRPCObjCAdapterTest.xctest;
			remoteRef = 15B3690D27625A6F00EFC2EA /* PBXContainerItemProxy */;
			sourceTree = BUILT_PRODUCTS_DIR;
		};
		15B3691927625D5900EFC2EA /* libpEpIPsecObjCTypeUtils_macOS.a */ = {
			isa = PBXReferenceProxy;
			fileType = archive.ar;
			path = libpEpIPsecObjCTypeUtils_macOS.a;
			remoteRef = 15B3691827625D5900EFC2EA /* PBXContainerItemProxy */;
			sourceTree = BUILT_PRODUCTS_DIR;
		};
		15B3691B27625D5900EFC2EA /* pEpIPsecObjCTypeUtilsTest.xctest */ = {
			isa = PBXReferenceProxy;
			fileType = wrapper.cfbundle;
			path = pEpIPsecObjCTypeUtilsTest.xctest;
			remoteRef = 15B3691A27625D5900EFC2EA /* PBXContainerItemProxy */;
			sourceTree = BUILT_PRODUCTS_DIR;
		};
		15B3692727625D7A00EFC2EA /* libPEPIPsecObjCTypes_macOS.a */ = {
			isa = PBXReferenceProxy;
			fileType = archive.ar;
			path = libPEPIPsecObjCTypes_macOS.a;
			remoteRef = 15B3692627625D7A00EFC2EA /* PBXContainerItemProxy */;
			sourceTree = BUILT_PRODUCTS_DIR;
		};
		15B3693127625DBC00EFC2EA /* libPEPObjCTypeUtils_macOS.a */ = {
			isa = PBXReferenceProxy;
			fileType = archive.ar;
			path = libPEPObjCTypeUtils_macOS.a;
			remoteRef = 15B3693027625DBC00EFC2EA /* PBXContainerItemProxy */;
			sourceTree = BUILT_PRODUCTS_DIR;
		};
		15B3693327625DBC00EFC2EA /* libPEPObjCTypeUtils_iOS.a */ = {
			isa = PBXReferenceProxy;
			fileType = archive.ar;
			path = libPEPObjCTypeUtils_iOS.a;
			remoteRef = 15B3693227625DBC00EFC2EA /* PBXContainerItemProxy */;
			sourceTree = BUILT_PRODUCTS_DIR;
		};
		15B3693527625DBC00EFC2EA /* PEPObjCTypeUtilsTests_macOS.xctest */ = {
			isa = PBXReferenceProxy;
			fileType = wrapper.cfbundle;
			path = PEPObjCTypeUtilsTests_macOS.xctest;
			remoteRef = 15B3693427625DBC00EFC2EA /* PBXContainerItemProxy */;
			sourceTree = BUILT_PRODUCTS_DIR;
		};
/* End PBXReferenceProxy section */

/* Begin PBXResourcesBuildPhase section */
		15E070F826CBE4190039696A /* Resources */ = {
			isa = PBXResourcesBuildPhase;
			buildActionMask = 2147483647;
			files = (
			);
			runOnlyForDeploymentPostprocessing = 0;
		};
/* End PBXResourcesBuildPhase section */

/* Begin PBXShellScriptBuildPhase section */
		1554CB732750013E00529E81 /* Copy Artefacts & Headers */ = {
			isa = PBXShellScriptBuildPhase;
			buildActionMask = 2147483647;
			files = (
			);
			inputFileListPaths = (
			);
			inputPaths = (
			);
			name = "Copy Artefacts & Headers";
			outputFileListPaths = (
			);
			outputPaths = (
			);
			runOnlyForDeploymentPostprocessing = 0;
			shellPath = /bin/sh;
			shellScript = "CUSTOM_BUILD_DIR=${PROJECT_DIR}/build\nCUSTOM_INCLUDE_DIR=\"${CUSTOM_BUILD_DIR}/include/\"\nLIB_STATIC_NAME=\"lib${PRODUCT_NAME}.a\"\nmkdir -p ${CUSTOM_INCLUDE_DIR}\n\nPUBLIC_HEADERS_DIR=\"${PROJECT_DIR}/../PublicHeaders\"\n\ncp \"${PUBLIC_HEADERS_DIR}\"/*.h* \"${CUSTOM_BUILD_DIR}/include/\"\ncp \"${BUILT_PRODUCTS_DIR}/${LIB_STATIC_NAME}\" ${CUSTOM_BUILD_DIR}\n";
		};
/* End PBXShellScriptBuildPhase section */

/* Begin PBXSourcesBuildPhase section */
		1554CE9E2755135200529E81 /* Sources */ = {
			isa = PBXSourcesBuildPhase;
			buildActionMask = 2147483647;
			files = (
				1554CEAC275513AB00529E81 /* main.m in Sources */,
				1554CF1127552EFE00529E81 /* PEPTransportRPCMirroringSupervisor.m in Sources */,
			);
			runOnlyForDeploymentPostprocessing = 0;
		};
		156F8381275E307700826400 /* Sources */ = {
			isa = PBXSourcesBuildPhase;
			buildActionMask = 2147483647;
			files = (
				15A9CA2E2761053A00307D3F /* main.m in Sources */,
				15A9CA2F2761053E00307D3F /* PEPRPCTransportTestConnector.m in Sources */,
			);
			runOnlyForDeploymentPostprocessing = 0;
		};
		15E06F9526CA587B0039696A /* Sources */ = {
			isa = PBXSourcesBuildPhase;
			buildActionMask = 2147483647;
			files = (
				435330042744FF2D0000D4AD /* NSError+PEPCCTransport+internal.m in Sources */,
				15E06FA926CA5DD10039696A /* PEPCC.m in Sources */,
			);
			runOnlyForDeploymentPostprocessing = 0;
		};
		15E070F626CBE4190039696A /* Sources */ = {
			isa = PBXSourcesBuildPhase;
			buildActionMask = 2147483647;
			files = (
				4E5FB2C226E609BA00CDB7D4 /* PEPCC+Test.m in Sources */,
				4E5FB2F326E6125C00CDB7D4 /* PEPSCTPTransportMock.m in Sources */,
				4E872DE426DFAF9A00808896 /* foo.swift in Sources */,
				15E070FD26CBE4190039696A /* pEpCCTests.m in Sources */,
				4E5FB31926E63DA800CDB7D4 /* PEPCCTestUtil.m in Sources */,
			);
			runOnlyForDeploymentPostprocessing = 0;
		};
/* End PBXSourcesBuildPhase section */

/* Begin PBXTargetDependency section */
		1554CF0A27552A8F00529E81 /* PBXTargetDependency */ = {
			isa = PBXTargetDependency;
			name = PEPObjCTypes_macOS;
			targetProxy = 1554CF0927552A8F00529E81 /* PBXContainerItemProxy */;
		};
		15B3691527625D5900EFC2EA /* PBXTargetDependency */ = {
			isa = PBXTargetDependency;
			name = pEpIPsecObjCTypeUtils_macOS;
			targetProxy = 15B3691427625D5900EFC2EA /* PBXContainerItemProxy */;
		};
		15B3691D27625D6600EFC2EA /* PBXTargetDependency */ = {
			isa = PBXTargetDependency;
			name = PEPObjCTypes_macOS;
			targetProxy = 15B3691C27625D6600EFC2EA /* PBXContainerItemProxy */;
		};
		15B3692427625D7A00EFC2EA /* PBXTargetDependency */ = {
			isa = PBXTargetDependency;
			name = PEPIPsecObjCTypes_macOS;
			targetProxy = 15B3692327625D7A00EFC2EA /* PBXContainerItemProxy */;
		};
		15B3692C27625DBC00EFC2EA /* PBXTargetDependency */ = {
			isa = PBXTargetDependency;
			name = PEPObjCTypeUtils_macOS;
			targetProxy = 15B3692B27625DBC00EFC2EA /* PBXContainerItemProxy */;
		};
		15B3693727625DD100EFC2EA /* PBXTargetDependency */ = {
			isa = PBXTargetDependency;
			name = PEPObjCTypes_macOS;
			targetProxy = 15B3693627625DD100EFC2EA /* PBXContainerItemProxy */;
		};
		15B3693927625DD100EFC2EA /* PBXTargetDependency */ = {
			isa = PBXTargetDependency;
			name = PEPIPsecObjCTypes_macOS;
			targetProxy = 15B3693827625DD100EFC2EA /* PBXContainerItemProxy */;
		};
		15B3693B27625DD800EFC2EA /* PBXTargetDependency */ = {
			isa = PBXTargetDependency;
			name = pEpIPsecObjCTypeUtils_macOS;
			targetProxy = 15B3693A27625DD800EFC2EA /* PBXContainerItemProxy */;
		};
		15B3693D27625DD800EFC2EA /* PBXTargetDependency */ = {
			isa = PBXTargetDependency;
			name = PEPObjCTypeUtils_macOS;
			targetProxy = 15B3693C27625DD800EFC2EA /* PBXContainerItemProxy */;
		};
		15B3693F27625E1900EFC2EA /* PBXTargetDependency */ = {
			isa = PBXTargetDependency;
			name = pEpRPCObjCAdapter;
			targetProxy = 15B3693E27625E1900EFC2EA /* PBXContainerItemProxy */;
		};
		15B3694227625E2F00EFC2EA /* PBXTargetDependency */ = {
			isa = PBXTargetDependency;
			name = pEpRPCObjCAdapter;
			targetProxy = 15B3694127625E2F00EFC2EA /* PBXContainerItemProxy */;
		};
		15E0710126CBE4190039696A /* PBXTargetDependency */ = {
			isa = PBXTargetDependency;
			target = 15E06F9726CA587B0039696A /* PEPIPsecControlChannel_macOS */;
			targetProxy = 15E0710026CBE4190039696A /* PBXContainerItemProxy */;
		};
/* End PBXTargetDependency section */

/* Begin XCBuildConfiguration section */
		1554CEA72755135200529E81 /* Debug */ = {
			isa = XCBuildConfiguration;
			buildSettings = {
				CLANG_CXX_LANGUAGE_STANDARD = "gnu++17";
				CODE_SIGN_STYLE = Automatic;
				DEVELOPMENT_TEAM = Z3SAL3W4E6;
				ENABLE_HARDENED_RUNTIME = YES;
				HEADER_SEARCH_PATHS = (
					"${inherited}",
					"${PROJECT_DIR}/../../../pEp-for-ipsec/PEPIPsecObjCTypes/build-mac/build/include",
				);
				MACOSX_DEPLOYMENT_TARGET = 11.3;
				PRODUCT_NAME = "$(TARGET_NAME)";
				SDKROOT = macosx;
			};
			name = Debug;
		};
		1554CEA82755135200529E81 /* Release */ = {
			isa = XCBuildConfiguration;
			buildSettings = {
				CLANG_CXX_LANGUAGE_STANDARD = "gnu++17";
				CODE_SIGN_STYLE = Automatic;
				DEVELOPMENT_TEAM = Z3SAL3W4E6;
				ENABLE_HARDENED_RUNTIME = YES;
				HEADER_SEARCH_PATHS = (
					"${inherited}",
					"${PROJECT_DIR}/../../../pEp-for-ipsec/PEPIPsecObjCTypes/build-mac/build/include",
				);
				MACOSX_DEPLOYMENT_TARGET = 11.3;
				PRODUCT_NAME = "$(TARGET_NAME)";
				SDKROOT = macosx;
			};
			name = Release;
		};
		156F838A275E307700826400 /* Debug */ = {
			isa = XCBuildConfiguration;
			buildSettings = {
				CLANG_CXX_LANGUAGE_STANDARD = "gnu++17";
				CODE_SIGN_STYLE = Automatic;
				DEVELOPMENT_TEAM = Z3SAL3W4E6;
				ENABLE_HARDENED_RUNTIME = YES;
				HEADER_SEARCH_PATHS = (
					"${inherited}",
					"${PROJECT_DIR}/../../../pEp-for-ipsec/PEPIPsecObjCTypes/build-mac/build/include",
				);
				MACOSX_DEPLOYMENT_TARGET = 11.3;
				PRODUCT_NAME = "$(TARGET_NAME)";
				SDKROOT = macosx;
			};
			name = Debug;
		};
		156F838B275E307700826400 /* Release */ = {
			isa = XCBuildConfiguration;
			buildSettings = {
				CLANG_CXX_LANGUAGE_STANDARD = "gnu++17";
				CODE_SIGN_STYLE = Automatic;
				DEVELOPMENT_TEAM = Z3SAL3W4E6;
				ENABLE_HARDENED_RUNTIME = YES;
				HEADER_SEARCH_PATHS = (
					"${inherited}",
					"${PROJECT_DIR}/../../../pEp-for-ipsec/PEPIPsecObjCTypes/build-mac/build/include",
				);
				MACOSX_DEPLOYMENT_TARGET = 11.3;
				PRODUCT_NAME = "$(TARGET_NAME)";
				SDKROOT = macosx;
			};
			name = Release;
		};
		15E06F8F26CA585B0039696A /* Debug */ = {
			isa = XCBuildConfiguration;
			buildSettings = {
				ALWAYS_SEARCH_USER_PATHS = NO;
				CLANG_ANALYZER_NONNULL = YES;
				CLANG_ANALYZER_NUMBER_OBJECT_CONVERSION = YES_AGGRESSIVE;
				CLANG_CXX_LANGUAGE_STANDARD = "gnu++14";
				CLANG_CXX_LIBRARY = "libc++";
				CLANG_ENABLE_MODULES = YES;
				CLANG_ENABLE_OBJC_ARC = YES;
				CLANG_ENABLE_OBJC_WEAK = YES;
				CLANG_WARN_BLOCK_CAPTURE_AUTORELEASING = YES;
				CLANG_WARN_BOOL_CONVERSION = YES;
				CLANG_WARN_COMMA = YES;
				CLANG_WARN_CONSTANT_CONVERSION = YES;
				CLANG_WARN_DEPRECATED_OBJC_IMPLEMENTATIONS = YES;
				CLANG_WARN_DIRECT_OBJC_ISA_USAGE = YES_ERROR;
				CLANG_WARN_DOCUMENTATION_COMMENTS = YES;
				CLANG_WARN_EMPTY_BODY = YES;
				CLANG_WARN_ENUM_CONVERSION = YES;
				CLANG_WARN_INFINITE_RECURSION = YES;
				CLANG_WARN_INT_CONVERSION = YES;
				CLANG_WARN_NON_LITERAL_NULL_CONVERSION = YES;
				CLANG_WARN_OBJC_IMPLICIT_RETAIN_SELF = YES;
				CLANG_WARN_OBJC_LITERAL_CONVERSION = YES;
				CLANG_WARN_OBJC_ROOT_CLASS = YES_ERROR;
				CLANG_WARN_QUOTED_INCLUDE_IN_FRAMEWORK_HEADER = YES;
				CLANG_WARN_RANGE_LOOP_ANALYSIS = YES;
				CLANG_WARN_STRICT_PROTOTYPES = YES;
				CLANG_WARN_SUSPICIOUS_MOVE = YES;
				CLANG_WARN_UNGUARDED_AVAILABILITY = YES_AGGRESSIVE;
				CLANG_WARN_UNREACHABLE_CODE = YES;
				CLANG_WARN__DUPLICATE_METHOD_MATCH = YES;
				COPY_PHASE_STRIP = NO;
				DEBUG_INFORMATION_FORMAT = dwarf;
				DEVELOPMENT_TEAM = NQLYU6MGPN;
				ENABLE_STRICT_OBJC_MSGSEND = YES;
				ENABLE_TESTABILITY = YES;
				GCC_C_LANGUAGE_STANDARD = gnu11;
				GCC_DYNAMIC_NO_PIC = NO;
				GCC_NO_COMMON_BLOCKS = YES;
				GCC_OPTIMIZATION_LEVEL = 0;
				GCC_PREPROCESSOR_DEFINITIONS = (
					"DEBUG=1",
					"$(inherited)",
				);
				GCC_WARN_64_TO_32_BIT_CONVERSION = YES;
				GCC_WARN_ABOUT_RETURN_TYPE = YES_ERROR;
				GCC_WARN_UNDECLARED_SELECTOR = YES;
				GCC_WARN_UNINITIALIZED_AUTOS = YES_AGGRESSIVE;
				GCC_WARN_UNUSED_FUNCTION = YES;
				GCC_WARN_UNUSED_VARIABLE = YES;
				HEADER_SEARCH_PATHS = (
					"${PROJECT_DIR}/../../../pEpObjCAdapter/Subprojects/PEPObjCTypes/build/include",
					"${PROJECT_DIR}/../../build-mac/build/include/pEp/",
					"${PROJECT_DIR}/../../../pEp-for-ipsec/pEpRPCObjCAdapter/build-mac/build/include",
				);
				IPHONEOS_DEPLOYMENT_TARGET = 12.1;
				MACOSX_DEPLOYMENT_TARGET = 10.10;
				MTL_ENABLE_DEBUG_INFO = INCLUDE_SOURCE;
				MTL_FAST_MATH = YES;
				ONLY_ACTIVE_ARCH = YES;
				OTHER_LDFLAGS = "-ObjC";
				SDKROOT = iphoneos;
			};
			name = Debug;
		};
		15E06F9026CA585B0039696A /* Release */ = {
			isa = XCBuildConfiguration;
			buildSettings = {
				ALWAYS_SEARCH_USER_PATHS = NO;
				CLANG_ANALYZER_NONNULL = YES;
				CLANG_ANALYZER_NUMBER_OBJECT_CONVERSION = YES_AGGRESSIVE;
				CLANG_CXX_LANGUAGE_STANDARD = "gnu++14";
				CLANG_CXX_LIBRARY = "libc++";
				CLANG_ENABLE_MODULES = YES;
				CLANG_ENABLE_OBJC_ARC = YES;
				CLANG_ENABLE_OBJC_WEAK = YES;
				CLANG_WARN_BLOCK_CAPTURE_AUTORELEASING = YES;
				CLANG_WARN_BOOL_CONVERSION = YES;
				CLANG_WARN_COMMA = YES;
				CLANG_WARN_CONSTANT_CONVERSION = YES;
				CLANG_WARN_DEPRECATED_OBJC_IMPLEMENTATIONS = YES;
				CLANG_WARN_DIRECT_OBJC_ISA_USAGE = YES_ERROR;
				CLANG_WARN_DOCUMENTATION_COMMENTS = YES;
				CLANG_WARN_EMPTY_BODY = YES;
				CLANG_WARN_ENUM_CONVERSION = YES;
				CLANG_WARN_INFINITE_RECURSION = YES;
				CLANG_WARN_INT_CONVERSION = YES;
				CLANG_WARN_NON_LITERAL_NULL_CONVERSION = YES;
				CLANG_WARN_OBJC_IMPLICIT_RETAIN_SELF = YES;
				CLANG_WARN_OBJC_LITERAL_CONVERSION = YES;
				CLANG_WARN_OBJC_ROOT_CLASS = YES_ERROR;
				CLANG_WARN_QUOTED_INCLUDE_IN_FRAMEWORK_HEADER = YES;
				CLANG_WARN_RANGE_LOOP_ANALYSIS = YES;
				CLANG_WARN_STRICT_PROTOTYPES = YES;
				CLANG_WARN_SUSPICIOUS_MOVE = YES;
				CLANG_WARN_UNGUARDED_AVAILABILITY = YES_AGGRESSIVE;
				CLANG_WARN_UNREACHABLE_CODE = YES;
				CLANG_WARN__DUPLICATE_METHOD_MATCH = YES;
				COPY_PHASE_STRIP = NO;
				DEBUG_INFORMATION_FORMAT = "dwarf-with-dsym";
				DEVELOPMENT_TEAM = NQLYU6MGPN;
				ENABLE_NS_ASSERTIONS = NO;
				ENABLE_STRICT_OBJC_MSGSEND = YES;
				GCC_C_LANGUAGE_STANDARD = gnu11;
				GCC_NO_COMMON_BLOCKS = YES;
				GCC_WARN_64_TO_32_BIT_CONVERSION = YES;
				GCC_WARN_ABOUT_RETURN_TYPE = YES_ERROR;
				GCC_WARN_UNDECLARED_SELECTOR = YES;
				GCC_WARN_UNINITIALIZED_AUTOS = YES_AGGRESSIVE;
				GCC_WARN_UNUSED_FUNCTION = YES;
				GCC_WARN_UNUSED_VARIABLE = YES;
				HEADER_SEARCH_PATHS = (
					"${PROJECT_DIR}/../../../pEpObjCAdapter/Subprojects/PEPObjCTypes/build/include",
					"${PROJECT_DIR}/../../build-mac/build/include/pEp/",
					"${PROJECT_DIR}/../../../pEp-for-ipsec/pEpRPCObjCAdapter/build-mac/build/include",
				);
				IPHONEOS_DEPLOYMENT_TARGET = 12.1;
				MACOSX_DEPLOYMENT_TARGET = 10.10;
				MTL_ENABLE_DEBUG_INFO = NO;
				MTL_FAST_MATH = YES;
				OTHER_LDFLAGS = "-ObjC";
				SDKROOT = iphoneos;
				SWIFT_COMPILATION_MODE = wholemodule;
				VALIDATE_PRODUCT = YES;
			};
			name = Release;
		};
		15E06F9F26CA587B0039696A /* Debug */ = {
			isa = XCBuildConfiguration;
			buildSettings = {
				CODE_SIGN_STYLE = Automatic;
				DEVELOPMENT_TEAM = NQLYU6MGPN;
				DISABLE_MANUAL_TARGET_ORDER_BUILD_WARNING = YES;
				EXECUTABLE_PREFIX = lib;
				MACOSX_DEPLOYMENT_TARGET = 11.3;
				PRODUCT_NAME = "$(TARGET_NAME)";
				SDKROOT = macosx;
				SKIP_INSTALL = YES;
			};
			name = Debug;
		};
		15E06FA026CA587B0039696A /* Release */ = {
			isa = XCBuildConfiguration;
			buildSettings = {
				CODE_SIGN_STYLE = Automatic;
				DEVELOPMENT_TEAM = NQLYU6MGPN;
				DISABLE_MANUAL_TARGET_ORDER_BUILD_WARNING = YES;
				EXECUTABLE_PREFIX = lib;
				MACOSX_DEPLOYMENT_TARGET = 11.3;
				PRODUCT_NAME = "$(TARGET_NAME)";
				SDKROOT = macosx;
				SKIP_INSTALL = YES;
			};
			name = Release;
		};
		15E0710326CBE4190039696A /* Debug */ = {
			isa = XCBuildConfiguration;
			buildSettings = {
				CLANG_ENABLE_MODULES = YES;
				CODE_SIGN_STYLE = Automatic;
				COMBINE_HIDPI_IMAGES = YES;
				DEVELOPMENT_TEAM = NQLYU6MGPN;
				INFOPLIST_FILE = pEpCCTests/Info.plist;
				LD_RUNPATH_SEARCH_PATHS = (
					"$(inherited)",
					"@executable_path/../Frameworks",
					"@loader_path/../Frameworks",
				);
				MACOSX_DEPLOYMENT_TARGET = 11.3;
				PRODUCT_BUNDLE_IDENTIFIER = security.pEp.pEpCCTests;
				PRODUCT_NAME = "$(TARGET_NAME)";
				SDKROOT = macosx;
				SWIFT_OBJC_BRIDGING_HEADER = "pEpCCTests/TestUtils/pEpCCTests-Bridging-Header.h";
				SWIFT_OPTIMIZATION_LEVEL = "-Onone";
				SWIFT_VERSION = 5.0;
			};
			name = Debug;
		};
		15E0710426CBE4190039696A /* Release */ = {
			isa = XCBuildConfiguration;
			buildSettings = {
				CLANG_ENABLE_MODULES = YES;
				CODE_SIGN_STYLE = Automatic;
				COMBINE_HIDPI_IMAGES = YES;
				DEVELOPMENT_TEAM = NQLYU6MGPN;
				INFOPLIST_FILE = pEpCCTests/Info.plist;
				LD_RUNPATH_SEARCH_PATHS = (
					"$(inherited)",
					"@executable_path/../Frameworks",
					"@loader_path/../Frameworks",
				);
				MACOSX_DEPLOYMENT_TARGET = 11.3;
				PRODUCT_BUNDLE_IDENTIFIER = security.pEp.pEpCCTests;
				PRODUCT_NAME = "$(TARGET_NAME)";
				SDKROOT = macosx;
				SWIFT_OBJC_BRIDGING_HEADER = "pEpCCTests/TestUtils/pEpCCTests-Bridging-Header.h";
				SWIFT_VERSION = 5.0;
			};
			name = Release;
		};
/* End XCBuildConfiguration section */

/* Begin XCConfigurationList section */
		1554CEA62755135200529E81 /* Build configuration list for PBXNativeTarget "TestMirrorRPCServer_macOS" */ = {
			isa = XCConfigurationList;
			buildConfigurations = (
				1554CEA72755135200529E81 /* Debug */,
				1554CEA82755135200529E81 /* Release */,
			);
			defaultConfigurationIsVisible = 0;
			defaultConfigurationName = Release;
		};
		156F8389275E307700826400 /* Build configuration list for PBXNativeTarget "TestAutoSendingRPCClient_macOS" */ = {
			isa = XCConfigurationList;
			buildConfigurations = (
				156F838A275E307700826400 /* Debug */,
				156F838B275E307700826400 /* Release */,
			);
			defaultConfigurationIsVisible = 0;
			defaultConfigurationName = Release;
		};
		15E06F8326CA585B0039696A /* Build configuration list for PBXProject "PEPIPsecControlChannel" */ = {
			isa = XCConfigurationList;
			buildConfigurations = (
				15E06F8F26CA585B0039696A /* Debug */,
				15E06F9026CA585B0039696A /* Release */,
			);
			defaultConfigurationIsVisible = 0;
			defaultConfigurationName = Release;
		};
		15E06F9E26CA587B0039696A /* Build configuration list for PBXNativeTarget "PEPIPsecControlChannel_macOS" */ = {
			isa = XCConfigurationList;
			buildConfigurations = (
				15E06F9F26CA587B0039696A /* Debug */,
				15E06FA026CA587B0039696A /* Release */,
			);
			defaultConfigurationIsVisible = 0;
			defaultConfigurationName = Release;
		};
		15E0710226CBE4190039696A /* Build configuration list for PBXNativeTarget "PEPIPsecControlChannelTests" */ = {
			isa = XCConfigurationList;
			buildConfigurations = (
				15E0710326CBE4190039696A /* Debug */,
				15E0710426CBE4190039696A /* Release */,
			);
			defaultConfigurationIsVisible = 0;
			defaultConfigurationName = Release;
		};
/* End XCConfigurationList section */
	};
	rootObject = 15E06F8026CA585B0039696A /* Project object */;
}
